<?xml version="1.0" encoding="utf-8"?>
<Project ToolsVersion="4.0" xmlns="http://schemas.microsoft.com/developer/msbuild/2003">
  <ItemGroup>
    <Filter Include="PluginEntry">
      <UniqueIdentifier>{f4992eae-9c42-41c2-bf93-75000858b244}</UniqueIdentifier>
    </Filter>
    <Filter Include="ResourceSystem">
      <UniqueIdentifier>{c4eee4e2-f2a5-437f-9a06-68275fe6d8b7}</UniqueIdentifier>
    </Filter>
    <Filter Include="Loader">
      <UniqueIdentifier>{4fc4fe79-4033-4e0f-90e6-86991e625036}</UniqueIdentifier>
    </Filter>
  </ItemGroup>
  <ItemGroup>
    <ClCompile Include="PluginEntry.cpp">
      <Filter>PluginEntry</Filter>
    </ClCompile>
    <ClCompile Include="ResourceSystem.cpp">
      <Filter>ResourceSystem</Filter>
    </ClCompile>
    <ClCompile Include="TextureLoader.cpp">
      <Filter>Loader</Filter>
    </ClCompile>
    <ClCompile Include="SkeletonLoader.cpp">
      <Filter>Loader</Filter>
    </ClCompile>
    <ClCompile Include="MeshLoader.cpp">
      <Filter>Loader</Filter>
    </ClCompile>
  </ItemGroup>
  <ItemGroup>
    <ClInclude Include="ResourceSystem.h">
      <Filter>ResourceSystem</Filter>
    </ClInclude>
    <ClInclude Include="TextureLoader.h">
      <Filter>Loader</Filter>
    </ClInclude>
    <ClInclude Include="SkeletonLoader.h">
      <Filter>Loader</Filter>
    </ClInclude>
    <ClInclude Include="MeshLoader.h">
      <Filter>Loader</Filter>
    </ClInclude>
  </ItemGroup>
</Project>