<?xml version="1.0" encoding="utf-8"?>
<Project ToolsVersion="4.0" xmlns="http://schemas.microsoft.com/developer/msbuild/2003">
  <ItemGroup>
    <Filter Include="Base Class">
      <UniqueIdentifier>{955aaeb5-f76c-4efb-ae75-c86d42276efc}</UniqueIdentifier>
    </Filter>
    <Filter Include="Base Class\Source">
      <UniqueIdentifier>{c57ee1be-45b5-4ceb-aeb8-74b784bc5ab3}</UniqueIdentifier>
    </Filter>
    <Filter Include="Net">
      <UniqueIdentifier>{6516452e-bd42-4944-ab48-07b54fdedffc}</UniqueIdentifier>
    </Filter>
    <Filter Include="Net\Source">
      <UniqueIdentifier>{8ab01c88-845d-4a24-b5a3-7f28e7a6ccff}</UniqueIdentifier>
    </Filter>
  </ItemGroup>
  <ItemGroup>
    <ClInclude Include="Base64.h">
      <Filter>Base Class</Filter>
    </ClInclude>
    <ClInclude Include="BohgeNet.h">
      <Filter>Base Class</Filter>
    </ClInclude>
    <ClInclude Include="NetMessage.h">
      <Filter>Base Class</Filter>
    </ClInclude>
    <ClInclude Include="NetUtility.h">
      <Filter>Base Class</Filter>
    </ClInclude>
    <ClInclude Include="Correspondent.h">
      <Filter>Net</Filter>
    </ClInclude>
    <ClInclude Include="NetBase.h">
      <Filter>Net</Filter>
    </ClInclude>
    <ClInclude Include="NetHost.h">
      <Filter>Net</Filter>
    </ClInclude>
    <ClInclude Include="Packer.h">
      <Filter>Net</Filter>
    </ClInclude>
    <ClInclude Include="..\..\Bohge\Event.hpp">
      <Filter>Base Class</Filter>
    </ClInclude>
  </ItemGroup>
  <ItemGroup>
    <ClCompile Include="Base64.cpp">
      <Filter>Base Class\Source</Filter>
    </ClCompile>
    <ClCompile Include="NetUtility.cpp">
      <Filter>Base Class\Source</Filter>
    </ClCompile>
    <ClCompile Include="Correspondent.cpp">
      <Filter>Net\Source</Filter>
    </ClCompile>
    <ClCompile Include="NetBase.cpp">
      <Filter>Net\Source</Filter>
    </ClCompile>
    <ClCompile Include="NetHost.cpp">
      <Filter>Net\Source</Filter>
    </ClCompile>
  </ItemGroup>
  <ItemGroup>
    <None Include="说明.txt" />
  </ItemGroup>
</Project>