<?xml version="1.0" encoding="utf-8"?>
<Project ToolsVersion="4.0" xmlns="http://schemas.microsoft.com/developer/msbuild/2003">
  <ItemGroup>
    <Filter Include="Source Files">
      <UniqueIdentifier>{4FC737F1-C7A5-4376-A066-2A32D752A2FF}</UniqueIdentifier>
      <Extensions>cpp;c;cc;cxx;def;odl;idl;hpj;bat;asm;asmx</Extensions>
    </Filter>
    <Filter Include="Source Files\platform">
      <UniqueIdentifier>{4df520f5-bb06-401a-b53e-ee64fc2246d6}</UniqueIdentifier>
    </Filter>
    <Filter Include="Source Files\Header Files">
      <UniqueIdentifier>{93995380-89BD-4b04-88EB-625FBE52EBFB}</UniqueIdentifier>
      <Extensions>h;hpp;hxx;hm;inl;inc;xsd</Extensions>
    </Filter>
  </ItemGroup>
  <ItemGroup>
    <ClCompile Include="..\..\Android\jni\jni.cpp">
      <Filter>Source Files\platform</Filter>
    </ClCompile>
    <ClCompile Include="win_main.cpp">
      <Filter>Source Files\platform</Filter>
    </ClCompile>
  </ItemGroup>
</Project>