<?xml version="1.0" encoding="utf-8"?>
<Project ToolsVersion="4.0" xmlns="http://schemas.microsoft.com/developer/msbuild/2003">
  <ItemGroup>
    <Filter Include="Source Files">
      <UniqueIdentifier>{48342e37-0a9d-48a3-bf88-5d06244f12a4}</UniqueIdentifier>
    </Filter>
    <Filter Include="Header Files">
      <UniqueIdentifier>{b889f81c-be33-4acd-b7ef-f31c4522c1f2}</UniqueIdentifier>
    </Filter>
  </ItemGroup>
  <ItemGroup>
    <ClCompile Include="hacdGraph.cpp">
      <Filter>Source Files</Filter>
    </ClCompile>
    <ClCompile Include="hacdHACD.cpp">
      <Filter>Source Files</Filter>
    </ClCompile>
    <ClCompile Include="hacdICHull.cpp">
      <Filter>Source Files</Filter>
    </ClCompile>
    <ClCompile Include="hacdManifoldMesh.cpp">
      <Filter>Source Files</Filter>
    </ClCompile>
  </ItemGroup>
  <ItemGroup>
    <ClInclude Include="hacdCircularList.h">
      <Filter>Header Files</Filter>
    </ClInclude>
    <ClInclude Include="hacdGraph.h">
      <Filter>Header Files</Filter>
    </ClInclude>
    <ClInclude Include="hacdHACD.h">
      <Filter>Header Files</Filter>
    </ClInclude>
    <ClInclude Include="hacdICHull.h">
      <Filter>Header Files</Filter>
    </ClInclude>
    <ClInclude Include="hacdManifoldMesh.h">
      <Filter>Header Files</Filter>
    </ClInclude>
    <ClInclude Include="hacdVector.h">
      <Filter>Header Files</Filter>
    </ClInclude>
    <ClInclude Include="hacdVersion.h">
      <Filter>Header Files</Filter>
    </ClInclude>
  </ItemGroup>
  <ItemGroup>
    <None Include="hacdCircularList.inl">
      <Filter>Header Files</Filter>
    </None>
    <None Include="hacdVector.inl">
      <Filter>Header Files</Filter>
    </None>
  </ItemGroup>
</Project>