Microsoft Visual Studio Solution File, Format Version 10.00
# Visual Studio 2008
Project("{8BC9CEB8-8B4A-11D0-8D11-00A0C91BC942}") = "Bohge", "Bohge\Bohge.vcproj", "{27D50088-3C1C-47EB-B9B3-C335F85988B3}"
	ProjectSection(ProjectDependencies) = postProject
		{3A214E06-B95E-4D61-A291-1F8DF2EC10FD} = {3A214E06-B95E-4D61-A291-1F8DF2EC10FD}
		{D864020A-609E-45BA-9B31-219E1FC17E81} = {D864020A-609E-45BA-9B31-219E1FC17E81}
		{9449622C-25EF-48E4-B034-04CE60489D6D} = {9449622C-25EF-48E4-B034-04CE60489D6D}
		{B5B56C2E-434A-48F0-A8A9-DC45E80C4FBB} = {B5B56C2E-434A-48F0-A8A9-DC45E80C4FBB}
		{08FA2D4C-A0FB-429C-97C7-9033A5B717D8} = {08FA2D4C-A0FB-429C-97C7-9033A5B717D8}
		{6FE1F34C-B1A8-4B14-B170-6AD0D862D201} = {6FE1F34C-B1A8-4B14-B170-6AD0D862D201}
		{D9CD1651-85BB-4122-9160-05A98A8AF366} = {D9CD1651-85BB-4122-9160-05A98A8AF366}
		{F2853757-A5E1-4A45-8FDC-B662A42A2866} = {F2853757-A5E1-4A45-8FDC-B662A42A2866}
		{41B77781-3585-4251-A5F6-0B1BF8D77ABB} = {41B77781-3585-4251-A5F6-0B1BF8D77ABB}
		{DD6A0787-5F98-47B5-AC19-9BEA08B09AF8} = {DD6A0787-5F98-47B5-AC19-9BEA08B09AF8}
		{CEBDE98B-A6AA-46E6-BC79-FAAF823DB9EC} = {CEBDE98B-A6AA-46E6-BC79-FAAF823DB9EC}
		{6911F9AD-3496-423B-B83F-25141AB54B03} = {6911F9AD-3496-423B-B83F-25141AB54B03}
		{6222F3BB-30BA-4734-821D-5E8D36F46F9A} = {6222F3BB-30BA-4734-821D-5E8D36F46F9A}
		{78B079BD-9FC7-4B9E-B4A6-96DA0F00248B} = {78B079BD-9FC7-4B9E-B4A6-96DA0F00248B}
		{15CBFEFF-7965-41F5-B4E2-21E8795C9159} = {15CBFEFF-7965-41F5-B4E2-21E8795C9159}
	EndProjectSection
EndProject
Project("{8BC9CEB8-8B4A-11D0-8D11-00A0C91BC942}") = "freetype", "External\freetype\builds\win32\vc2008\freetype.vcproj", "{78B079BD-9FC7-4B9E-B4A6-96DA0F00248B}"
EndProject
Project("{8BC9CEB8-8B4A-11D0-8D11-00A0C91BC942}") = "libpng", "External\libpng-1.5.10\projects\visualc71\libpng.vcproj", "{B5B56C2E-434A-48F0-A8A9-DC45E80C4FBB}"
	ProjectSection(ProjectDependencies) = postProject
		{DD6A0787-5F98-47B5-AC19-9BEA08B09AF8} = {DD6A0787-5F98-47B5-AC19-9BEA08B09AF8}
	EndProjectSection
EndProject
Project("{8BC9CEB8-8B4A-11D0-8D11-00A0C91BC942}") = "zlib", "External\zlib-1.2.6\zlib.vcproj", "{DD6A0787-5F98-47B5-AC19-9BEA08B09AF8}"
EndProject
Project("{8BC9CEB8-8B4A-11D0-8D11-00A0C91BC942}") = "BohgeNet", "BohgeNet\BohgeNet\BohgeNet.vcproj", "{9449622C-25EF-48E4-B034-04CE60489D6D}"
EndProject
Project("{8BC9CEB8-8B4A-11D0-8D11-00A0C91BC942}") = "libogg_static", "External\libogg-1.3.0\win32\VS2008\libogg_static.vcproj", "{15CBFEFF-7965-41F5-B4E2-21E8795C9159}"
EndProject
Project("{8BC9CEB8-8B4A-11D0-8D11-00A0C91BC942}") = "libvorbis_static", "External\libvorbis-1.3.3\win32\VS2008\libvorbis\libvorbis_static.vcproj", "{3A214E06-B95E-4D61-A291-1F8DF2EC10FD}"
EndProject
Project("{8BC9CEB8-8B4A-11D0-8D11-00A0C91BC942}") = "libvorbisfile", "External\libvorbis-1.3.3\win32\VS2008\libvorbisfile\libvorbisfile_static.vcproj", "{CEBDE98B-A6AA-46E6-BC79-FAAF823DB9EC}"
EndProject
Project("{2150E333-8FDC-42A3-9474-1A3956D46DE8}") = "Main", "Main", "{8B3BACAF-216A-4EEF-BDF8-7D87AE7F0D10}"
EndProject
Project("{2150E333-8FDC-42A3-9474-1A3956D46DE8}") = "Misc", "Misc", "{493A2E5A-51D4-4252-98E2-BFB194638343}"
EndProject
Project("{2150E333-8FDC-42A3-9474-1A3956D46DE8}") = "Sound", "Sound", "{1DD5288B-91DE-4773-B1F9-CB82DBFB1E3B}"
EndProject
Project("{2150E333-8FDC-42A3-9474-1A3956D46DE8}") = "Net", "Net", "{E490276D-5C1C-49DA-A24B-00F451048FBE}"
EndProject
Project("{2150E333-8FDC-42A3-9474-1A3956D46DE8}") = "Graphic", "Graphic", "{14C63C17-8596-4E18-8B7D-00DA2176FCE0}"
EndProject
Project("{2150E333-8FDC-42A3-9474-1A3956D46DE8}") = "Physical", "Physical", "{E99269E0-94F4-48A7-B8A2-0AE3CB13B421}"
EndProject
Project("{8BC9CEB8-8B4A-11D0-8D11-00A0C91BC942}") = "BulletCollision", "External\bullet\src\BulletCollision\BulletCollision.vcproj", "{08FA2D4C-A0FB-429C-97C7-9033A5B717D8}"
EndProject
Project("{8BC9CEB8-8B4A-11D0-8D11-00A0C91BC942}") = "BulletDynamics", "External\bullet\src\BulletDynamics\BulletDynamics.vcproj", "{41B77781-3585-4251-A5F6-0B1BF8D77ABB}"
EndProject
Project("{8BC9CEB8-8B4A-11D0-8D11-00A0C91BC942}") = "BulletMultiThreaded", "External\bullet\src\BulletMultiThreaded\BulletMultiThreaded.vcproj", "{6FE1F34C-B1A8-4B14-B170-6AD0D862D201}"
EndProject
Project("{8BC9CEB8-8B4A-11D0-8D11-00A0C91BC942}") = "BulletSoftBody", "External\bullet\src\BulletSoftBody\BulletSoftBody.vcproj", "{F2853757-A5E1-4A45-8FDC-B662A42A2866}"
EndProject
Project("{8BC9CEB8-8B4A-11D0-8D11-00A0C91BC942}") = "ConvexDecomposition", "External\bullet\Extras\ConvexDecomposition\ConvexDecomposition.vcproj", "{6222F3BB-30BA-4734-821D-5E8D36F46F9A}"
EndProject
Project("{8BC9CEB8-8B4A-11D0-8D11-00A0C91BC942}") = "GIMPACTUtils", "External\bullet\Extras\GIMPACTUtils\GIMPACTUtils.vcproj", "{D864020A-609E-45BA-9B31-219E1FC17E81}"
EndProject
Project("{8BC9CEB8-8B4A-11D0-8D11-00A0C91BC942}") = "HACD", "External\bullet\Extras\HACD\HACD.vcproj", "{6911F9AD-3496-423B-B83F-25141AB54B03}"
EndProject
Project("{8BC9CEB8-8B4A-11D0-8D11-00A0C91BC942}") = "LinearMath", "External\bullet\src\LinearMath\LinearMath.vcproj", "{D9CD1651-85BB-4122-9160-05A98A8AF366}"
EndProject
Project("{2150E333-8FDC-42A3-9474-1A3956D46DE8}") = "Script", "Script", "{75F6ADCF-CC03-4FAB-BF65-B93551258597}"
EndProject
Project("{8BC9CEB8-8B4A-11D0-8D11-00A0C91BC942}") = "Lua", "External\lua-5.2.2\Lua\Lua.vcproj", "{87CCEB82-0B49-47B9-8B5E-781EB03B3C39}"
EndProject
Global
	GlobalSection(SolutionConfigurationPlatforms) = preSolution
		Debug|Win32 = Debug|Win32
		Debug|x64 = Debug|x64
		Release|Win32 = Release|Win32
		Release|x64 = Release|x64
	EndGlobalSection
	GlobalSection(ProjectConfigurationPlatforms) = postSolution
		{27D50088-3C1C-47EB-B9B3-C335F85988B3}.Debug|Win32.ActiveCfg = Debug_OpenGL_ObjectEdit|Win32
		{27D50088-3C1C-47EB-B9B3-C335F85988B3}.Debug|Win32.Build.0 = Debug_OpenGL_ObjectEdit|Win32
		{27D50088-3C1C-47EB-B9B3-C335F85988B3}.Debug|x64.ActiveCfg = Debug_OpenGL_ObjectEdit|Win32
		{27D50088-3C1C-47EB-B9B3-C335F85988B3}.Release|Win32.ActiveCfg = Release_OpenGL_ObjectEdit|Win32
		{27D50088-3C1C-47EB-B9B3-C335F85988B3}.Release|Win32.Build.0 = Release_OpenGL_ObjectEdit|Win32
		{27D50088-3C1C-47EB-B9B3-C335F85988B3}.Release|x64.ActiveCfg = Release_OpenGL_ObjectEdit|Win32
		{78B079BD-9FC7-4B9E-B4A6-96DA0F00248B}.Debug|Win32.ActiveCfg = Debug|Win32
		{78B079BD-9FC7-4B9E-B4A6-96DA0F00248B}.Debug|Win32.Build.0 = Debug|Win32
		{78B079BD-9FC7-4B9E-B4A6-96DA0F00248B}.Debug|x64.ActiveCfg = Debug|Win32
		{78B079BD-9FC7-4B9E-B4A6-96DA0F00248B}.Release|Win32.ActiveCfg = Release|Win32
		{78B079BD-9FC7-4B9E-B4A6-96DA0F00248B}.Release|Win32.Build.0 = Release|Win32
		{78B079BD-9FC7-4B9E-B4A6-96DA0F00248B}.Release|x64.ActiveCfg = Release|Win32
		{B5B56C2E-434A-48F0-A8A9-DC45E80C4FBB}.Debug|Win32.ActiveCfg = LIB Debug|Win32
		{B5B56C2E-434A-48F0-A8A9-DC45E80C4FBB}.Debug|Win32.Build.0 = LIB Debug|Win32
		{B5B56C2E-434A-48F0-A8A9-DC45E80C4FBB}.Debug|x64.ActiveCfg = Release|Win32
		{B5B56C2E-434A-48F0-A8A9-DC45E80C4FBB}.Release|Win32.ActiveCfg = LIB Release|Win32
		{B5B56C2E-434A-48F0-A8A9-DC45E80C4FBB}.Release|Win32.Build.0 = LIB Release|Win32
		{B5B56C2E-434A-48F0-A8A9-DC45E80C4FBB}.Release|x64.ActiveCfg = Release|Win32
		{DD6A0787-5F98-47B5-AC19-9BEA08B09AF8}.Debug|Win32.ActiveCfg = LIB Debug|Win32
		{DD6A0787-5F98-47B5-AC19-9BEA08B09AF8}.Debug|Win32.Build.0 = LIB Debug|Win32
		{DD6A0787-5F98-47B5-AC19-9BEA08B09AF8}.Debug|x64.ActiveCfg = Release|Win32
		{DD6A0787-5F98-47B5-AC19-9BEA08B09AF8}.Release|Win32.ActiveCfg = LIB Release|Win32
		{DD6A0787-5F98-47B5-AC19-9BEA08B09AF8}.Release|Win32.Build.0 = LIB Release|Win32
		{DD6A0787-5F98-47B5-AC19-9BEA08B09AF8}.Release|x64.ActiveCfg = Release|Win32
		{9449622C-25EF-48E4-B034-04CE60489D6D}.Debug|Win32.ActiveCfg = Debug|Win32
		{9449622C-25EF-48E4-B034-04CE60489D6D}.Debug|Win32.Build.0 = Debug|Win32
		{9449622C-25EF-48E4-B034-04CE60489D6D}.Debug|x64.ActiveCfg = Debug|x64
		{9449622C-25EF-48E4-B034-04CE60489D6D}.Debug|x64.Build.0 = Debug|x64
		{9449622C-25EF-48E4-B034-04CE60489D6D}.Release|Win32.ActiveCfg = Release|Win32
		{9449622C-25EF-48E4-B034-04CE60489D6D}.Release|Win32.Build.0 = Release|Win32
		{9449622C-25EF-48E4-B034-04CE60489D6D}.Release|x64.ActiveCfg = Release|x64
		{9449622C-25EF-48E4-B034-04CE60489D6D}.Release|x64.Build.0 = Release|x64
		{15CBFEFF-7965-41F5-B4E2-21E8795C9159}.Debug|Win32.ActiveCfg = Debug|Win32
		{15CBFEFF-7965-41F5-B4E2-21E8795C9159}.Debug|Win32.Build.0 = Debug|Win32
		{15CBFEFF-7965-41F5-B4E2-21E8795C9159}.Debug|x64.ActiveCfg = Debug|x64
		{15CBFEFF-7965-41F5-B4E2-21E8795C9159}.Debug|x64.Build.0 = Debug|x64
		{15CBFEFF-7965-41F5-B4E2-21E8795C9159}.Release|Win32.ActiveCfg = Release|Win32
		{15CBFEFF-7965-41F5-B4E2-21E8795C9159}.Release|Win32.Build.0 = Release|Win32
		{15CBFEFF-7965-41F5-B4E2-21E8795C9159}.Release|x64.ActiveCfg = Release|x64
		{15CBFEFF-7965-41F5-B4E2-21E8795C9159}.Release|x64.Build.0 = Release|x64
		{3A214E06-B95E-4D61-A291-1F8DF2EC10FD}.Debug|Win32.ActiveCfg = Debug|Win32
		{3A214E06-B95E-4D61-A291-1F8DF2EC10FD}.Debug|Win32.Build.0 = Debug|Win32
		{3A214E06-B95E-4D61-A291-1F8DF2EC10FD}.Debug|x64.ActiveCfg = Debug|x64
		{3A214E06-B95E-4D61-A291-1F8DF2EC10FD}.Debug|x64.Build.0 = Debug|x64
		{3A214E06-B95E-4D61-A291-1F8DF2EC10FD}.Release|Win32.ActiveCfg = Release|Win32
		{3A214E06-B95E-4D61-A291-1F8DF2EC10FD}.Release|Win32.Build.0 = Release|Win32
		{3A214E06-B95E-4D61-A291-1F8DF2EC10FD}.Release|x64.ActiveCfg = Release|x64
		{3A214E06-B95E-4D61-A291-1F8DF2EC10FD}.Release|x64.Build.0 = Release|x64
		{CEBDE98B-A6AA-46E6-BC79-FAAF823DB9EC}.Debug|Win32.ActiveCfg = Debug|Win32
		{CEBDE98B-A6AA-46E6-BC79-FAAF823DB9EC}.Debug|Win32.Build.0 = Debug|Win32
		{CEBDE98B-A6AA-46E6-BC79-FAAF823DB9EC}.Debug|x64.ActiveCfg = Debug|x64
		{CEBDE98B-A6AA-46E6-BC79-FAAF823DB9EC}.Debug|x64.Build.0 = Debug|x64
		{CEBDE98B-A6AA-46E6-BC79-FAAF823DB9EC}.Release|Win32.ActiveCfg = Release|Win32
		{CEBDE98B-A6AA-46E6-BC79-FAAF823DB9EC}.Release|Win32.Build.0 = Release|Win32
		{CEBDE98B-A6AA-46E6-BC79-FAAF823DB9EC}.Release|x64.ActiveCfg = Release|x64
		{CEBDE98B-A6AA-46E6-BC79-FAAF823DB9EC}.Release|x64.Build.0 = Release|x64
		{08FA2D4C-A0FB-429C-97C7-9033A5B717D8}.Debug|Win32.ActiveCfg = Debug|Win32
		{08FA2D4C-A0FB-429C-97C7-9033A5B717D8}.Debug|Win32.Build.0 = Debug|Win32
		{08FA2D4C-A0FB-429C-97C7-9033A5B717D8}.Debug|x64.ActiveCfg = Debug|Win32
		{08FA2D4C-A0FB-429C-97C7-9033A5B717D8}.Release|Win32.ActiveCfg = Release|Win32
		{08FA2D4C-A0FB-429C-97C7-9033A5B717D8}.Release|Win32.Build.0 = Release|Win32
		{08FA2D4C-A0FB-429C-97C7-9033A5B717D8}.Release|x64.ActiveCfg = Release|Win32
		{41B77781-3585-4251-A5F6-0B1BF8D77ABB}.Debug|Win32.ActiveCfg = Debug|Win32
		{41B77781-3585-4251-A5F6-0B1BF8D77ABB}.Debug|Win32.Build.0 = Debug|Win32
		{41B77781-3585-4251-A5F6-0B1BF8D77ABB}.Debug|x64.ActiveCfg = Debug|Win32
		{41B77781-3585-4251-A5F6-0B1BF8D77ABB}.Release|Win32.ActiveCfg = Release|Win32
		{41B77781-3585-4251-A5F6-0B1BF8D77ABB}.Release|Win32.Build.0 = Release|Win32
		{41B77781-3585-4251-A5F6-0B1BF8D77ABB}.Release|x64.ActiveCfg = Release|Win32
		{6FE1F34C-B1A8-4B14-B170-6AD0D862D201}.Debug|Win32.ActiveCfg = Debug|Win32
		{6FE1F34C-B1A8-4B14-B170-6AD0D862D201}.Debug|Win32.Build.0 = Debug|Win32
		{6FE1F34C-B1A8-4B14-B170-6AD0D862D201}.Debug|x64.ActiveCfg = Debug|Win32
		{6FE1F34C-B1A8-4B14-B170-6AD0D862D201}.Release|Win32.ActiveCfg = Release|Win32
		{6FE1F34C-B1A8-4B14-B170-6AD0D862D201}.Release|Win32.Build.0 = Release|Win32
		{6FE1F34C-B1A8-4B14-B170-6AD0D862D201}.Release|x64.ActiveCfg = Release|Win32
		{F2853757-A5E1-4A45-8FDC-B662A42A2866}.Debug|Win32.ActiveCfg = Debug|Win32
		{F2853757-A5E1-4A45-8FDC-B662A42A2866}.Debug|Win32.Build.0 = Debug|Win32
		{F2853757-A5E1-4A45-8FDC-B662A42A2866}.Debug|x64.ActiveCfg = Debug|Win32
		{F2853757-A5E1-4A45-8FDC-B662A42A2866}.Release|Win32.ActiveCfg = Release|Win32
		{F2853757-A5E1-4A45-8FDC-B662A42A2866}.Release|Win32.Build.0 = Release|Win32
		{F2853757-A5E1-4A45-8FDC-B662A42A2866}.Release|x64.ActiveCfg = Release|Win32
		{6222F3BB-30BA-4734-821D-5E8D36F46F9A}.Debug|Win32.ActiveCfg = Debug|Win32
		{6222F3BB-30BA-4734-821D-5E8D36F46F9A}.Debug|Win32.Build.0 = Debug|Win32
		{6222F3BB-30BA-4734-821D-5E8D36F46F9A}.Debug|x64.ActiveCfg = Debug|Win32
		{6222F3BB-30BA-4734-821D-5E8D36F46F9A}.Release|Win32.ActiveCfg = Release|Win32
		{6222F3BB-30BA-4734-821D-5E8D36F46F9A}.Release|Win32.Build.0 = Release|Win32
		{6222F3BB-30BA-4734-821D-5E8D36F46F9A}.Release|x64.ActiveCfg = Release|Win32
		{D864020A-609E-45BA-9B31-219E1FC17E81}.Debug|Win32.ActiveCfg = Debug|Win32
		{D864020A-609E-45BA-9B31-219E1FC17E81}.Debug|Win32.Build.0 = Debug|Win32
		{D864020A-609E-45BA-9B31-219E1FC17E81}.Debug|x64.ActiveCfg = Debug|Win32
		{D864020A-609E-45BA-9B31-219E1FC17E81}.Release|Win32.ActiveCfg = Release|Win32
		{D864020A-609E-45BA-9B31-219E1FC17E81}.Release|Win32.Build.0 = Release|Win32
		{D864020A-609E-45BA-9B31-219E1FC17E81}.Release|x64.ActiveCfg = Release|Win32
		{6911F9AD-3496-423B-B83F-25141AB54B03}.Debug|Win32.ActiveCfg = Debug|Win32
		{6911F9AD-3496-423B-B83F-25141AB54B03}.Debug|Win32.Build.0 = Debug|Win32
		{6911F9AD-3496-423B-B83F-25141AB54B03}.Debug|x64.ActiveCfg = Debug|Win32
		{6911F9AD-3496-423B-B83F-25141AB54B03}.Release|Win32.ActiveCfg = Release|Win32
		{6911F9AD-3496-423B-B83F-25141AB54B03}.Release|Win32.Build.0 = Release|Win32
		{6911F9AD-3496-423B-B83F-25141AB54B03}.Release|x64.ActiveCfg = Release|Win32
		{D9CD1651-85BB-4122-9160-05A98A8AF366}.Debug|Win32.ActiveCfg = Debug|Win32
		{D9CD1651-85BB-4122-9160-05A98A8AF366}.Debug|Win32.Build.0 = Debug|Win32
		{D9CD1651-85BB-4122-9160-05A98A8AF366}.Debug|x64.ActiveCfg = Debug|Win32
		{D9CD1651-85BB-4122-9160-05A98A8AF366}.Release|Win32.ActiveCfg = Release|Win32
		{D9CD1651-85BB-4122-9160-05A98A8AF366}.Release|Win32.Build.0 = Release|Win32
		{D9CD1651-85BB-4122-9160-05A98A8AF366}.Release|x64.ActiveCfg = Release|Win32
		{87CCEB82-0B49-47B9-8B5E-781EB03B3C39}.Debug|Win32.ActiveCfg = Debug|Win32
		{87CCEB82-0B49-47B9-8B5E-781EB03B3C39}.Debug|Win32.Build.0 = Debug|Win32
		{87CCEB82-0B49-47B9-8B5E-781EB03B3C39}.Debug|x64.ActiveCfg = Debug|Win32
		{87CCEB82-0B49-47B9-8B5E-781EB03B3C39}.Release|Win32.ActiveCfg = Release|Win32
		{87CCEB82-0B49-47B9-8B5E-781EB03B3C39}.Release|Win32.Build.0 = Release|Win32
		{87CCEB82-0B49-47B9-8B5E-781EB03B3C39}.Release|x64.ActiveCfg = Release|Win32
	EndGlobalSection
	GlobalSection(SolutionProperties) = preSolution
		HideSolutionNode = FALSE
	EndGlobalSection
	GlobalSection(NestedProjects) = preSolution
		{27D50088-3C1C-47EB-B9B3-C335F85988B3} = {8B3BACAF-216A-4EEF-BDF8-7D87AE7F0D10}
		{B5B56C2E-434A-48F0-A8A9-DC45E80C4FBB} = {14C63C17-8596-4E18-8B7D-00DA2176FCE0}
		{78B079BD-9FC7-4B9E-B4A6-96DA0F00248B} = {14C63C17-8596-4E18-8B7D-00DA2176FCE0}
		{DD6A0787-5F98-47B5-AC19-9BEA08B09AF8} = {493A2E5A-51D4-4252-98E2-BFB194638343}
		{9449622C-25EF-48E4-B034-04CE60489D6D} = {E490276D-5C1C-49DA-A24B-00F451048FBE}
		{3A214E06-B95E-4D61-A291-1F8DF2EC10FD} = {1DD5288B-91DE-4773-B1F9-CB82DBFB1E3B}
		{CEBDE98B-A6AA-46E6-BC79-FAAF823DB9EC} = {1DD5288B-91DE-4773-B1F9-CB82DBFB1E3B}
		{15CBFEFF-7965-41F5-B4E2-21E8795C9159} = {1DD5288B-91DE-4773-B1F9-CB82DBFB1E3B}
		{08FA2D4C-A0FB-429C-97C7-9033A5B717D8} = {E99269E0-94F4-48A7-B8A2-0AE3CB13B421}
		{41B77781-3585-4251-A5F6-0B1BF8D77ABB} = {E99269E0-94F4-48A7-B8A2-0AE3CB13B421}
		{6FE1F34C-B1A8-4B14-B170-6AD0D862D201} = {E99269E0-94F4-48A7-B8A2-0AE3CB13B421}
		{F2853757-A5E1-4A45-8FDC-B662A42A2866} = {E99269E0-94F4-48A7-B8A2-0AE3CB13B421}
		{6222F3BB-30BA-4734-821D-5E8D36F46F9A} = {E99269E0-94F4-48A7-B8A2-0AE3CB13B421}
		{D864020A-609E-45BA-9B31-219E1FC17E81} = {E99269E0-94F4-48A7-B8A2-0AE3CB13B421}
		{6911F9AD-3496-423B-B83F-25141AB54B03} = {E99269E0-94F4-48A7-B8A2-0AE3CB13B421}
		{D9CD1651-85BB-4122-9160-05A98A8AF366} = {E99269E0-94F4-48A7-B8A2-0AE3CB13B421}
		{87CCEB82-0B49-47B9-8B5E-781EB03B3C39} = {75F6ADCF-CC03-4FAB-BF65-B93551258597}
	EndGlobalSection
EndGlobal
