<?xml version="1.0" encoding="utf-8"?>
<Project ToolsVersion="4.0" xmlns="http://schemas.microsoft.com/developer/msbuild/2003">
  <ItemGroup>
    <Filter Include="Sound">
      <UniqueIdentifier>{b4ea31ac-dcbd-46a9-bba5-707f5c183aeb}</UniqueIdentifier>
    </Filter>
    <Filter Include="Core">
      <UniqueIdentifier>{17072da1-1642-4884-b92c-59ee04de5829}</UniqueIdentifier>
    </Filter>
    <Filter Include="Core\Source Files">
      <UniqueIdentifier>{454d820d-c207-4311-be89-b51bd2321dcc}</UniqueIdentifier>
    </Filter>
    <Filter Include="Action">
      <UniqueIdentifier>{5d0fcd78-11e2-43b3-b5cc-d1cc151a36af}</UniqueIdentifier>
    </Filter>
    <Filter Include="Action\Source">
      <UniqueIdentifier>{7160d50b-f28a-4eba-89c7-45e82aa05195}</UniqueIdentifier>
    </Filter>
    <Filter Include="Script">
      <UniqueIdentifier>{db9424ab-26de-4be7-84a3-6a933dad2db8}</UniqueIdentifier>
    </Filter>
    <Filter Include="Script\Source">
      <UniqueIdentifier>{259d8e0b-87f6-4580-8b09-3f57e2182924}</UniqueIdentifier>
    </Filter>
    <Filter Include="Script\Register">
      <UniqueIdentifier>{7663cda8-2e71-4c40-876a-901da08cec1e}</UniqueIdentifier>
    </Filter>
    <Filter Include="Script\ScriptEntity">
      <UniqueIdentifier>{18c16a4f-d4c4-4106-8df3-a84ee6b13c86}</UniqueIdentifier>
    </Filter>
    <Filter Include="Script\ScriptEntity\Source">
      <UniqueIdentifier>{ba3a5a25-4f5a-4e45-a1e9-aa768007f307}</UniqueIdentifier>
    </Filter>
    <Filter Include="Physic">
      <UniqueIdentifier>{8c19e52c-91ef-4dff-b4bd-af121aa9dc3b}</UniqueIdentifier>
    </Filter>
    <Filter Include="Material">
      <UniqueIdentifier>{f4b7da58-1453-40fd-a99c-7a37244e8c99}</UniqueIdentifier>
    </Filter>
    <Filter Include="Material\Source Files">
      <UniqueIdentifier>{3051324e-2249-4671-ad65-a268b13b5049}</UniqueIdentifier>
    </Filter>
    <Filter Include="UI">
      <UniqueIdentifier>{c1f8018c-fc72-4332-81cd-a373200b1f8a}</UniqueIdentifier>
    </Filter>
    <Filter Include="UI\Source Files">
      <UniqueIdentifier>{a59cee79-6ccc-472d-bcdc-e0adca0ce82d}</UniqueIdentifier>
    </Filter>
    <Filter Include="Model">
      <UniqueIdentifier>{cb0a3c18-fd01-4ab9-a589-6842f4893648}</UniqueIdentifier>
    </Filter>
    <Filter Include="Model\Source Files">
      <UniqueIdentifier>{a562b03b-0772-4300-8ba0-e43f71498806}</UniqueIdentifier>
    </Filter>
    <Filter Include="PostEffect">
      <UniqueIdentifier>{f715d214-575c-4920-a874-fbdc3267131f}</UniqueIdentifier>
    </Filter>
    <Filter Include="PostEffect\Source">
      <UniqueIdentifier>{015c7d50-4b16-4174-b1ce-781cb3083964}</UniqueIdentifier>
    </Filter>
    <Filter Include="Pipeline">
      <UniqueIdentifier>{70749d25-d88e-4a56-92c5-8af8b8cb5278}</UniqueIdentifier>
    </Filter>
    <Filter Include="Pipeline\Source">
      <UniqueIdentifier>{b6019b7b-a95a-462a-8da8-df4272f000d5}</UniqueIdentifier>
    </Filter>
    <Filter Include="Scene">
      <UniqueIdentifier>{970c9421-1ba7-4586-bf5f-5495f7d3b6a9}</UniqueIdentifier>
    </Filter>
    <Filter Include="Scene\SecenNode">
      <UniqueIdentifier>{08841bba-7735-4592-ab4a-4cdbce3ceec7}</UniqueIdentifier>
    </Filter>
    <Filter Include="Scene\SecenNode\Source Files">
      <UniqueIdentifier>{f4ef92a2-fcb4-433c-a289-9c6bb2d6d2bd}</UniqueIdentifier>
    </Filter>
    <Filter Include="Scene\SceneEntity">
      <UniqueIdentifier>{1c1e4883-5e0b-4d75-8611-a491040cfe8e}</UniqueIdentifier>
    </Filter>
    <Filter Include="Scene\SceneEntity\Base">
      <UniqueIdentifier>{77a11cdb-8f00-4f79-8e77-ccc69add2ea5}</UniqueIdentifier>
    </Filter>
    <Filter Include="Scene\SceneEntity\Terrain">
      <UniqueIdentifier>{4c8e271c-2dff-4d15-9595-a1eef7d8812e}</UniqueIdentifier>
    </Filter>
    <Filter Include="Scene\SceneEntity\Main">
      <UniqueIdentifier>{c5287514-a21e-4499-a563-92c751fd9f58}</UniqueIdentifier>
    </Filter>
    <Filter Include="Scene\SceneEntity\Main\Source">
      <UniqueIdentifier>{0380b1ed-5910-42af-9194-b5ee7904b1ac}</UniqueIdentifier>
    </Filter>
    <Filter Include="Scene\SceneEntity\Water">
      <UniqueIdentifier>{9d7f5f1c-d796-478d-a2bf-11f78f789670}</UniqueIdentifier>
    </Filter>
    <Filter Include="Scene\SceneEntity\Water\Source">
      <UniqueIdentifier>{297d1d96-7ef5-4aff-bafd-0ca27ff860b0}</UniqueIdentifier>
    </Filter>
    <Filter Include="Scene\SceneEntity\Water\FFT">
      <UniqueIdentifier>{00a21c92-4926-4618-a72f-fd9eab9084f0}</UniqueIdentifier>
    </Filter>
    <Filter Include="Scene\SceneEntity\Plant">
      <UniqueIdentifier>{0917aeb3-3c5d-401d-a653-5c02464de621}</UniqueIdentifier>
    </Filter>
    <Filter Include="Scene\SceneEntity\Plant\Source">
      <UniqueIdentifier>{b0ccbddc-b4b3-43a8-b3a3-24047df84b37}</UniqueIdentifier>
    </Filter>
    <Filter Include="Scene\Manage">
      <UniqueIdentifier>{b423d187-3a64-4f5d-9848-66d180bcc3b2}</UniqueIdentifier>
    </Filter>
    <Filter Include="Texture">
      <UniqueIdentifier>{e0ed93c7-ecb0-4bbd-9758-2255a4a89b31}</UniqueIdentifier>
    </Filter>
    <Filter Include="Texture\Source">
      <UniqueIdentifier>{e2407a24-ce4e-4441-9fb1-f1ad529d7b64}</UniqueIdentifier>
    </Filter>
    <Filter Include="Mesh">
      <UniqueIdentifier>{24764d1e-0d4f-4426-90ce-bae36d31a1a8}</UniqueIdentifier>
    </Filter>
    <Filter Include="Light">
      <UniqueIdentifier>{11418402-b648-43d7-8964-cfea9f82b857}</UniqueIdentifier>
    </Filter>
    <Filter Include="Light\Source Files">
      <UniqueIdentifier>{c8716961-501f-4233-b07f-a9b9ac44b984}</UniqueIdentifier>
    </Filter>
    <Filter Include="Light\ShadowCaster">
      <UniqueIdentifier>{b41e0263-f00a-4fca-8a70-2067029a34c5}</UniqueIdentifier>
    </Filter>
    <Filter Include="File">
      <UniqueIdentifier>{c452628a-b49e-4926-9d06-cfc1158bccc3}</UniqueIdentifier>
    </Filter>
    <Filter Include="File\Source Files">
      <UniqueIdentifier>{d6c1f098-0eca-4e2c-9dd1-b10ec9dfb0c0}</UniqueIdentifier>
    </Filter>
    <Filter Include="File\FileEntity">
      <UniqueIdentifier>{ee9b7bfd-7c00-42a1-9b93-d6b7094f50bc}</UniqueIdentifier>
    </Filter>
    <Filter Include="File\FileEntity\Source">
      <UniqueIdentifier>{63d824d7-4ab8-4280-ad13-a142c2fa8cbc}</UniqueIdentifier>
    </Filter>
    <Filter Include="Particle">
      <UniqueIdentifier>{6962426d-9f83-4429-a4d9-46a3de513d0d}</UniqueIdentifier>
    </Filter>
    <Filter Include="Particle\Source">
      <UniqueIdentifier>{36b34dca-c945-4e9c-9c0f-2d2c9a6eb7ef}</UniqueIdentifier>
    </Filter>
    <Filter Include="Engine">
      <UniqueIdentifier>{53564acb-ceda-4ade-8b6d-28faad9dbe1f}</UniqueIdentifier>
    </Filter>
    <Filter Include="Engine\Source">
      <UniqueIdentifier>{263cd507-1424-4492-8cfa-74ba044a0cea}</UniqueIdentifier>
    </Filter>
    <Filter Include="Object">
      <UniqueIdentifier>{fe457aa7-e53f-4bf1-9d56-176dc5b34535}</UniqueIdentifier>
    </Filter>
    <Filter Include="Object\Source">
      <UniqueIdentifier>{8582124f-f150-4fb6-84c6-3da19c9720f3}</UniqueIdentifier>
    </Filter>
    <Filter Include="Scene\Manage\Source">
      <UniqueIdentifier>{4FC737F1-C7A5-4376-A066-2A32D752A2FF}</UniqueIdentifier>
      <Extensions>cpp;c;cc;cxx;def;odl;idl;hpj;bat;asm;asmx</Extensions>
    </Filter>
    <Filter Include="Scene\SceneEntity\Object">
      <UniqueIdentifier>{51f0e8f9-7370-4982-a3bb-0ad4fe1abbf8}</UniqueIdentifier>
    </Filter>
    <Filter Include="Scene\SceneEntity\Object\Source">
      <UniqueIdentifier>{609cd965-35d8-429e-aaf1-a1c34259b151}</UniqueIdentifier>
    </Filter>
    <Filter Include="Scene\SceneEntity\Terrain\Source">
      <UniqueIdentifier>{8ab25d56-7162-47a8-a858-3ea44f82e0e0}</UniqueIdentifier>
    </Filter>
    <Filter Include="Culiing">
      <UniqueIdentifier>{4a45495b-5328-4894-9668-83ff821c5cc2}</UniqueIdentifier>
    </Filter>
    <Filter Include="Culiing\Source">
      <UniqueIdentifier>{5d4a2cb4-1ddf-4edd-ac63-91b43604820b}</UniqueIdentifier>
    </Filter>
    <Filter Include="Math">
      <UniqueIdentifier>{3b2558cf-477f-4e73-878d-a6be92ef8660}</UniqueIdentifier>
    </Filter>
    <Filter Include="Math\Source">
      <UniqueIdentifier>{fd05dd61-95a5-40d7-a9c7-15e2d9532d1c}</UniqueIdentifier>
    </Filter>
    <Filter Include="Script\ScriptBase">
      <UniqueIdentifier>{2d470bd7-1a78-4582-883d-22f2417260ae}</UniqueIdentifier>
    </Filter>
    <Filter Include="Script\ScriptBase\Source">
      <UniqueIdentifier>{a4ca1344-add1-47f5-ac0a-b608003e7829}</UniqueIdentifier>
    </Filter>
    <Filter Include="Material\Outdated">
      <UniqueIdentifier>{273b7d41-37be-443c-bbab-1558624e399a}</UniqueIdentifier>
    </Filter>
    <Filter Include="Material\Compilers">
      <UniqueIdentifier>{9821532b-4441-4a1a-b5a8-76588710b11e}</UniqueIdentifier>
    </Filter>
    <Filter Include="Material\Compilers\Source">
      <UniqueIdentifier>{a697850a-d206-41ad-a1c1-5c5dac269b81}</UniqueIdentifier>
    </Filter>
    <Filter Include="Material\Outdated\Shaders">
      <UniqueIdentifier>{d3de72fc-79af-4858-96d9-b7c43ac8dcab}</UniqueIdentifier>
    </Filter>
    <Filter Include="Material\Outdated\Shaders\Source">
      <UniqueIdentifier>{6692bda0-ebe1-40a4-8889-93505f991236}</UniqueIdentifier>
    </Filter>
    <Filter Include="Thread">
      <UniqueIdentifier>{359957f1-52ec-4357-8240-58f2b303468d}</UniqueIdentifier>
    </Filter>
    <Filter Include="Thread\Source">
      <UniqueIdentifier>{31b0a6da-02d8-4428-8bf9-0fde55360d1a}</UniqueIdentifier>
    </Filter>
    <Filter Include="Sound\DependentLayer">
      <UniqueIdentifier>{7a65c74f-4b2e-4f56-af9e-4171bdfc9038}</UniqueIdentifier>
    </Filter>
    <Filter Include="Sound\DependentLayer\OpenSL">
      <UniqueIdentifier>{0beaceb6-cf6a-4419-ac31-5b84b732bfa7}</UniqueIdentifier>
    </Filter>
    <Filter Include="Sound\DependentLayer\OpenAL">
      <UniqueIdentifier>{a60d3fff-65f9-4dc2-9804-ba2000f8df3f}</UniqueIdentifier>
    </Filter>
    <Filter Include="Sound\IndependentLayer">
      <UniqueIdentifier>{0e4f83e4-1ced-4604-8b4c-9a3273cbf199}</UniqueIdentifier>
    </Filter>
    <Filter Include="Sound\IndependentLayer\SoundPlayer">
      <UniqueIdentifier>{d2d83cc7-1d42-4ec8-b884-0d69ac3954e6}</UniqueIdentifier>
    </Filter>
    <Filter Include="Sound\SoundResource">
      <UniqueIdentifier>{7646d886-2315-455f-a309-6f29ae839395}</UniqueIdentifier>
    </Filter>
    <Filter Include="Sound\SoundResource\Mananger">
      <UniqueIdentifier>{38a0deee-afdc-4879-b971-8fac28a1898f}</UniqueIdentifier>
    </Filter>
    <Filter Include="Sound\IndependentLayer\SoundManager">
      <UniqueIdentifier>{b63fd522-08d5-428f-baab-483c0f5e0aee}</UniqueIdentifier>
    </Filter>
    <Filter Include="Sound\SoundResource\Resource">
      <UniqueIdentifier>{0854b87e-d474-4dd6-81ec-3f608124c2de}</UniqueIdentifier>
    </Filter>
    <Filter Include="Resources">
      <UniqueIdentifier>{cb1966c5-00f5-421a-ab92-bed2c208f8f6}</UniqueIdentifier>
    </Filter>
    <Filter Include="Resources\Source">
      <UniqueIdentifier>{79e7f3b6-bbc5-4c90-849c-070e851c030c}</UniqueIdentifier>
    </Filter>
    <Filter Include="DebugTool">
      <UniqueIdentifier>{c945c738-c294-4ee8-8913-477eaf2a2fb5}</UniqueIdentifier>
    </Filter>
    <Filter Include="Language">
      <UniqueIdentifier>{fcc0549a-4d14-467f-9ea4-e0b440e43fec}</UniqueIdentifier>
    </Filter>
    <Filter Include="Setting">
      <UniqueIdentifier>{38b06156-f13f-4b71-802b-2ec031175b1d}</UniqueIdentifier>
    </Filter>
    <Filter Include="Utility">
      <UniqueIdentifier>{0d30bf05-00f5-4334-b6a7-d64f09a1b55d}</UniqueIdentifier>
    </Filter>
    <Filter Include="Thread\ThreadSafe">
      <UniqueIdentifier>{7568954e-43dd-44b9-990d-bd857b7acc12}</UniqueIdentifier>
    </Filter>
  </ItemGroup>
  <ItemGroup>
    <ClCompile Include="aabboxDraw.cpp">
      <Filter>Core\Source Files</Filter>
    </ClCompile>
    <ClCompile Include="Bfont.cpp">
      <Filter>Core\Source Files</Filter>
    </ClCompile>
    <ClCompile Include="Camera.cpp">
      <Filter>Core\Source Files</Filter>
    </ClCompile>
    <ClCompile Include="MemoryPool.c">
      <Filter>Core\Source Files</Filter>
    </ClCompile>
    <ClCompile Include="RendBuffer.cpp">
      <Filter>Core\Source Files</Filter>
    </ClCompile>
    <ClCompile Include="RenderTarget.cpp">
      <Filter>Core\Source Files</Filter>
    </ClCompile>
    <ClCompile Include="Vertex.cpp">
      <Filter>Core\Source Files</Filter>
    </ClCompile>
    <ClCompile Include="Serializer.cpp">
      <Filter>File\Source Files</Filter>
    </ClCompile>
    <ClCompile Include="EncryptFile.cpp">
      <Filter>File\FileEntity\Source</Filter>
    </ClCompile>
    <ClCompile Include="UsualFile.cpp">
      <Filter>File\FileEntity\Source</Filter>
    </ClCompile>
    <ClCompile Include="ZipFile.cpp">
      <Filter>File\FileEntity\Source</Filter>
    </ClCompile>
    <ClCompile Include="Log.cpp">
      <Filter>DebugTool</Filter>
    </ClCompile>
    <ClCompile Include="Track.cpp">
      <Filter>DebugTool</Filter>
    </ClCompile>
    <ClCompile Include="GameSetting.cpp">
      <Filter>Setting</Filter>
    </ClCompile>
    <ClCompile Include="Language.cpp">
      <Filter>Language</Filter>
    </ClCompile>
    <ClCompile Include="ScriptManager.cpp">
      <Filter>Script\Source</Filter>
    </ClCompile>
    <ClCompile Include="ScriptEmitter.cpp">
      <Filter>Script\ScriptEntity\Source</Filter>
    </ClCompile>
    <ClCompile Include="PhysicManager.cpp">
      <Filter>Physic</Filter>
    </ClCompile>
    <ClCompile Include="Engine.cpp">
      <Filter>Engine\Source</Filter>
    </ClCompile>
    <ClCompile Include="OpenGLES.cpp">
      <Filter>Engine\Source</Filter>
    </ClCompile>
    <ClCompile Include="Material.cpp">
      <Filter>Material\Source Files</Filter>
    </ClCompile>
    <ClCompile Include="ConcisePEShaders.cpp">
      <Filter>Material\Outdated\Shaders\Source</Filter>
    </ClCompile>
    <ClCompile Include="EnvironmentShaders.cpp">
      <Filter>Material\Outdated\Shaders\Source</Filter>
    </ClCompile>
    <ClCompile Include="HDRShaders.cpp">
      <Filter>Material\Outdated\Shaders\Source</Filter>
    </ClCompile>
    <ClCompile Include="ModelShaders.cpp">
      <Filter>Material\Outdated\Shaders\Source</Filter>
    </ClCompile>
    <ClCompile Include="ModelSkeleton.cpp">
      <Filter>Material\Outdated\Shaders\Source</Filter>
    </ClCompile>
    <ClCompile Include="ParticleShaders.cpp">
      <Filter>Material\Outdated\Shaders\Source</Filter>
    </ClCompile>
    <ClCompile Include="PlantShaders.cpp">
      <Filter>Material\Outdated\Shaders\Source</Filter>
    </ClCompile>
    <ClCompile Include="PrePixelLightShaders.cpp">
      <Filter>Material\Outdated\Shaders\Source</Filter>
    </ClCompile>
    <ClCompile Include="Shaders2D.cpp">
      <Filter>Material\Outdated\Shaders\Source</Filter>
    </ClCompile>
    <ClCompile Include="ShadowShader.cpp">
      <Filter>Material\Outdated\Shaders\Source</Filter>
    </ClCompile>
    <ClCompile Include="TerrainShaders.cpp">
      <Filter>Material\Outdated\Shaders\Source</Filter>
    </ClCompile>
    <ClCompile Include="UtilityShaders.cpp">
      <Filter>Material\Outdated\Shaders\Source</Filter>
    </ClCompile>
    <ClCompile Include="VolumeLightShaders.cpp">
      <Filter>Material\Outdated\Shaders\Source</Filter>
    </ClCompile>
    <ClCompile Include="WaterShaders.cpp">
      <Filter>Material\Outdated\Shaders\Source</Filter>
    </ClCompile>
    <ClCompile Include="UI.cpp">
      <Filter>UI\Source Files</Filter>
    </ClCompile>
    <ClCompile Include="UIAnimation.cpp">
      <Filter>UI\Source Files</Filter>
    </ClCompile>
    <ClCompile Include="UIManager.cpp">
      <Filter>UI\Source Files</Filter>
    </ClCompile>
    <ClCompile Include="LocatableObject.cpp">
      <Filter>Model\Source Files</Filter>
    </ClCompile>
    <ClCompile Include="Model.cpp">
      <Filter>Model\Source Files</Filter>
    </ClCompile>
    <ClCompile Include="ModelData.cpp">
      <Filter>Model\Source Files</Filter>
    </ClCompile>
    <ClCompile Include="Emitter.cpp">
      <Filter>Particle\Source</Filter>
    </ClCompile>
    <ClCompile Include="Particle.cpp">
      <Filter>Particle\Source</Filter>
    </ClCompile>
    <ClCompile Include="BloomPS.cpp">
      <Filter>PostEffect\Source</Filter>
    </ClCompile>
    <ClCompile Include="DOFPostEffect.cpp">
      <Filter>PostEffect\Source</Filter>
    </ClCompile>
    <ClCompile Include="FXAAPostEffect.cpp">
      <Filter>PostEffect\Source</Filter>
    </ClCompile>
    <ClCompile Include="HDRPostEffect.cpp">
      <Filter>PostEffect\Source</Filter>
    </ClCompile>
    <ClCompile Include="IPostEffect.cpp">
      <Filter>PostEffect\Source</Filter>
    </ClCompile>
    <ClCompile Include="SSAOPostEffect.cpp">
      <Filter>PostEffect\Source</Filter>
    </ClCompile>
    <ClCompile Include="VolumeLightPS.cpp">
      <Filter>PostEffect\Source</Filter>
    </ClCompile>
    <ClCompile Include="CopyCurrentScreen.cpp">
      <Filter>Pipeline\Source</Filter>
    </ClCompile>
    <ClCompile Include="Pipeline.cpp">
      <Filter>Pipeline\Source</Filter>
    </ClCompile>
    <ClCompile Include="AxisNode.cpp">
      <Filter>Scene\SecenNode\Source Files</Filter>
    </ClCompile>
    <ClCompile Include="Billboard.cpp">
      <Filter>Scene\SecenNode\Source Files</Filter>
    </ClCompile>
    <ClCompile Include="CubeNode.cpp">
      <Filter>Scene\SecenNode\Source Files</Filter>
    </ClCompile>
    <ClCompile Include="GridNode.cpp">
      <Filter>Scene\SecenNode\Source Files</Filter>
    </ClCompile>
    <ClCompile Include="RotatingRing.cpp">
      <Filter>Scene\SecenNode\Source Files</Filter>
    </ClCompile>
    <ClCompile Include="Shapes.cpp">
      <Filter>Scene\SecenNode\Source Files</Filter>
    </ClCompile>
    <ClCompile Include="SkyBox.cpp">
      <Filter>Scene\SecenNode\Source Files</Filter>
    </ClCompile>
    <ClCompile Include="TerrainChunk.cpp">
      <Filter>Scene\SceneEntity\Terrain\Source</Filter>
    </ClCompile>
    <ClCompile Include="TerrainManager.cpp">
      <Filter>Scene\SceneEntity\Terrain\Source</Filter>
    </ClCompile>
    <ClCompile Include="TerrainTile.cpp">
      <Filter>Scene\SceneEntity\Terrain\Source</Filter>
    </ClCompile>
    <ClCompile Include="SceneMain.cpp">
      <Filter>Scene\SceneEntity\Main\Source</Filter>
    </ClCompile>
    <ClCompile Include="NormalGenerate.cpp">
      <Filter>Scene\SceneEntity\Water\Source</Filter>
    </ClCompile>
    <ClCompile Include="parameterhandler.cpp">
      <Filter>Scene\SceneEntity\Water\Source</Filter>
    </ClCompile>
    <ClCompile Include="WaterGrid.cpp">
      <Filter>Scene\SceneEntity\Water\Source</Filter>
    </ClCompile>
    <ClCompile Include="WaterManager.cpp">
      <Filter>Scene\SceneEntity\Water\Source</Filter>
    </ClCompile>
    <ClCompile Include="WaterTile.cpp">
      <Filter>Scene\SceneEntity\Water\Source</Filter>
    </ClCompile>
    <ClCompile Include="complex.cpp">
      <Filter>Scene\SceneEntity\Water\FFT</Filter>
    </ClCompile>
    <ClCompile Include="fft.cpp">
      <Filter>Scene\SceneEntity\Water\FFT</Filter>
    </ClCompile>
    <ClCompile Include="PlantChunk.cpp">
      <Filter>Scene\SceneEntity\Plant\Source</Filter>
    </ClCompile>
    <ClCompile Include="PlantManager.cpp">
      <Filter>Scene\SceneEntity\Plant\Source</Filter>
    </ClCompile>
    <ClCompile Include="PlantTile.cpp">
      <Filter>Scene\SceneEntity\Plant\Source</Filter>
    </ClCompile>
    <ClCompile Include="Environment.cpp">
      <Filter>Scene\Manage\Source</Filter>
    </ClCompile>
    <ClCompile Include="Texture.cpp">
      <Filter>Texture\Source</Filter>
    </ClCompile>
    <ClCompile Include="triangle.cpp">
      <Filter>Mesh</Filter>
    </ClCompile>
    <ClCompile Include="FakeLights.cpp">
      <Filter>Light\Source Files</Filter>
    </ClCompile>
    <ClCompile Include="Light.cpp">
      <Filter>Light\Source Files</Filter>
    </ClCompile>
    <ClCompile Include="RealLights.cpp">
      <Filter>Light\Source Files</Filter>
    </ClCompile>
    <ClCompile Include="ShadowCaster.cpp">
      <Filter>Light\ShadowCaster</Filter>
    </ClCompile>
    <ClCompile Include="LightMaped.cpp">
      <Filter>Light\Source Files</Filter>
    </ClCompile>
    <ClCompile Include="VertexBuffer.cpp">
      <Filter>Core\Source Files</Filter>
    </ClCompile>
    <ClCompile Include="IndicesBuffer.cpp">
      <Filter>Core\Source Files</Filter>
    </ClCompile>
    <ClCompile Include="ObjectGroup.cpp">
      <Filter>Object\Source</Filter>
    </ClCompile>
    <ClCompile Include="ObjectRoot.cpp">
      <Filter>Object\Source</Filter>
    </ClCompile>
    <ClCompile Include="ObjectFactory.cpp">
      <Filter>Object\Source</Filter>
    </ClCompile>
    <ClCompile Include="ObjectManager.cpp">
      <Filter>Scene\SceneEntity\Object\Source</Filter>
    </ClCompile>
    <ClCompile Include="ObjectTile.cpp">
      <Filter>Scene\SceneEntity\Object\Source</Filter>
    </ClCompile>
    <ClCompile Include="OCTree.cpp">
      <Filter>Culiing\Source</Filter>
    </ClCompile>
    <ClCompile Include="3DMath.cpp">
      <Filter>Math\Source</Filter>
    </ClCompile>
    <ClCompile Include="NeonMath.cpp">
      <Filter>Math\Source</Filter>
    </ClCompile>
    <ClCompile Include="MaterialManager.cpp">
      <Filter>Material\Source Files</Filter>
    </ClCompile>
    <ClCompile Include="ScriptBase.cpp">
      <Filter>Script\ScriptBase\Source</Filter>
    </ClCompile>
    <ClCompile Include="MaterialCompiler.cpp">
      <Filter>Material\Compilers\Source</Filter>
    </ClCompile>
    <ClCompile Include="ShaderLibrary.cpp">
      <Filter>Material\Compilers\Source</Filter>
    </ClCompile>
    <ClCompile Include="ShaderParameter.cpp">
      <Filter>Material\Compilers\Source</Filter>
    </ClCompile>
    <ClCompile Include="ShaderSegment.cpp">
      <Filter>Material\Compilers\Source</Filter>
    </ClCompile>
    <ClCompile Include="ShaderAssembler.cpp">
      <Filter>Material\Compilers\Source</Filter>
    </ClCompile>
    <ClCompile Include="BaseShader.cpp">
      <Filter>Material\Source Files</Filter>
    </ClCompile>
    <ClCompile Include="AssembledMaterialShader.cpp">
      <Filter>Material\Compilers\Source</Filter>
    </ClCompile>
    <ClCompile Include="EmitterBase.cpp">
      <Filter>Particle\Source</Filter>
    </ClCompile>
    <ClCompile Include="TextureState.cpp">
      <Filter>Material\Compilers\Source</Filter>
    </ClCompile>
    <ClCompile Include="ShaderFile.cpp">
      <Filter>Material\Compilers\Source</Filter>
    </ClCompile>
    <ClCompile Include="GreaterThread.cpp">
      <Filter>Thread\Source</Filter>
    </ClCompile>
    <ClCompile Include="JobBaseThread.cpp">
      <Filter>Thread\Source</Filter>
    </ClCompile>
    <ClCompile Include="LessThread.cpp">
      <Filter>Thread\Source</Filter>
    </ClCompile>
    <ClCompile Include="QueueThread.cpp">
      <Filter>Thread\Source</Filter>
    </ClCompile>
    <ClCompile Include="ThreadCondition.cpp">
      <Filter>Thread\Source</Filter>
    </ClCompile>
    <ClCompile Include="Threading.cpp">
      <Filter>Thread\Source</Filter>
    </ClCompile>
    <ClCompile Include="ThreadMutex.cpp">
      <Filter>Thread\Source</Filter>
    </ClCompile>
    <ClCompile Include="ThreadRWLock.cpp">
      <Filter>Thread\Source</Filter>
    </ClCompile>
    <ClCompile Include="SoundManagerAL.cpp">
      <Filter>Sound\DependentLayer\OpenAL</Filter>
    </ClCompile>
    <ClCompile Include="SoundPlayerAL.cpp">
      <Filter>Sound\DependentLayer\OpenAL</Filter>
    </ClCompile>
    <ClCompile Include="SoundManagerSL.cpp">
      <Filter>Sound\DependentLayer\OpenSL</Filter>
    </ClCompile>
    <ClCompile Include="SoundPlayerSL.cpp">
      <Filter>Sound\DependentLayer\OpenSL</Filter>
    </ClCompile>
    <ClCompile Include="SoundPlayer.cpp">
      <Filter>Sound\IndependentLayer\SoundPlayer</Filter>
    </ClCompile>
    <ClCompile Include="SoundResource.cpp">
      <Filter>Sound\SoundResource\Mananger</Filter>
    </ClCompile>
    <ClCompile Include="SoundManager.cpp">
      <Filter>Sound\IndependentLayer\SoundManager</Filter>
    </ClCompile>
    <ClCompile Include="MPTDecoder.cpp">
      <Filter>Sound\SoundResource\Resource</Filter>
    </ClCompile>
    <ClCompile Include="WAVDecoder.cpp">
      <Filter>Sound\SoundResource\Resource</Filter>
    </ClCompile>
    <ClCompile Include="OGGDecoder.cpp">
      <Filter>Sound\SoundResource\Resource</Filter>
    </ClCompile>
    <ClCompile Include="ActionManager.cpp">
      <Filter>Action\Source</Filter>
    </ClCompile>
    <ClCompile Include="ShaderManager.cpp">
      <Filter>Material\Outdated</Filter>
    </ClCompile>
    <ClCompile Include="SceneManager.cpp">
      <Filter>Scene\Manage\Source</Filter>
    </ClCompile>
    <ClCompile Include="DecoderManager.cpp">
      <Filter>Sound\SoundResource\Mananger</Filter>
    </ClCompile>
    <ClCompile Include="Decoder.cpp">
      <Filter>Sound\SoundResource\Resource</Filter>
    </ClCompile>
    <ClCompile Include="JobManager.cpp">
      <Filter>Thread\Source</Filter>
    </ClCompile>
    <ClCompile Include="ResourceManager.cpp">
      <Filter>Resources\Source</Filter>
    </ClCompile>
    <ClCompile Include="ResLoader.cpp">
      <Filter>Resources\Source</Filter>
    </ClCompile>
    <ClCompile Include="AES.cpp">
      <Filter>Utility</Filter>
    </ClCompile>
    <ClCompile Include="IOSIOSystem.cpp">
      <Filter>File\Source Files</Filter>
    </ClCompile>
    <ClCompile Include="AndroidIOSystem.cpp">
      <Filter>File\Source Files</Filter>
    </ClCompile>
    <ClCompile Include="WindowsIOSystem.cpp">
      <Filter>File\Source Files</Filter>
    </ClCompile>
    <ClCompile Include="IOSystemBase.cpp">
      <Filter>File\Source Files</Filter>
    </ClCompile>
    <ClCompile Include="IOSystem.cpp">
      <Filter>File\Source Files</Filter>
    </ClCompile>
    <ClCompile Include="IFile.cpp">
      <Filter>File\FileEntity\Source</Filter>
    </ClCompile>
  </ItemGroup>
  <ItemGroup>
    <ClInclude Include="aabbox.hpp">
      <Filter>Core</Filter>
    </ClInclude>
    <ClInclude Include="aabrect.hpp">
      <Filter>Core</Filter>
    </ClInclude>
    <ClInclude Include="aabround.hpp">
      <Filter>Core</Filter>
    </ClInclude>
    <ClInclude Include="aabsphere.hpp">
      <Filter>Core</Filter>
    </ClInclude>
    <ClInclude Include="Bfont.h">
      <Filter>Core</Filter>
    </ClInclude>
    <ClInclude Include="Camera.h">
      <Filter>Core</Filter>
    </ClInclude>
    <ClInclude Include="Event.hpp">
      <Filter>Core</Filter>
    </ClInclude>
    <ClInclude Include="Frustum.hpp">
      <Filter>Core</Filter>
    </ClInclude>
    <ClInclude Include="MemoryPool.h">
      <Filter>Core</Filter>
    </ClInclude>
    <ClInclude Include="Plane.hpp">
      <Filter>Core</Filter>
    </ClInclude>
    <ClInclude Include="Predefine.h">
      <Filter>Core</Filter>
    </ClInclude>
    <ClInclude Include="Ray.h">
      <Filter>Core</Filter>
    </ClInclude>
    <ClInclude Include="RendBuffer.h">
      <Filter>Core</Filter>
    </ClInclude>
    <ClInclude Include="RenderTarget.h">
      <Filter>Core</Filter>
    </ClInclude>
    <ClInclude Include="VariableType.h">
      <Filter>Core</Filter>
    </ClInclude>
    <ClInclude Include="Vertex.h">
      <Filter>Core</Filter>
    </ClInclude>
    <ClInclude Include="Serializer.h">
      <Filter>File</Filter>
    </ClInclude>
    <ClInclude Include="EncryptFile.h">
      <Filter>File\FileEntity</Filter>
    </ClInclude>
    <ClInclude Include="IFile.h">
      <Filter>File\FileEntity</Filter>
    </ClInclude>
    <ClInclude Include="UsualFile.h">
      <Filter>File\FileEntity</Filter>
    </ClInclude>
    <ClInclude Include="ZipFile.h">
      <Filter>File\FileEntity</Filter>
    </ClInclude>
    <ClInclude Include="Log.h">
      <Filter>DebugTool</Filter>
    </ClInclude>
    <ClInclude Include="Track.h">
      <Filter>DebugTool</Filter>
    </ClInclude>
    <ClInclude Include="GameSetting.h">
      <Filter>Setting</Filter>
    </ClInclude>
    <ClInclude Include="Language.h">
      <Filter>Language</Filter>
    </ClInclude>
    <ClInclude Include="ScriptInterface.hpp">
      <Filter>Script</Filter>
    </ClInclude>
    <ClInclude Include="ScriptManager.h">
      <Filter>Script</Filter>
    </ClInclude>
    <ClInclude Include="3DMathRegister.h">
      <Filter>Script\Register</Filter>
    </ClInclude>
    <ClInclude Include="CameraRegister.h">
      <Filter>Script\Register</Filter>
    </ClInclude>
    <ClInclude Include="EngineManagerRegister.h">
      <Filter>Script\Register</Filter>
    </ClInclude>
    <ClInclude Include="LogicBindRegister.h">
      <Filter>Script\Register</Filter>
    </ClInclude>
    <ClInclude Include="UIRegister.h">
      <Filter>Script\Register</Filter>
    </ClInclude>
    <ClInclude Include="ScriptEmitter.h">
      <Filter>Script\ScriptEntity</Filter>
    </ClInclude>
    <ClInclude Include="PhysicManager.h">
      <Filter>Physic</Filter>
    </ClInclude>
    <ClInclude Include="Device.h">
      <Filter>Engine</Filter>
    </ClInclude>
    <ClInclude Include="Engine.h">
      <Filter>Engine</Filter>
    </ClInclude>
    <ClInclude Include="EngineResourceList.h">
      <Filter>Engine</Filter>
    </ClInclude>
    <ClInclude Include="Material.h">
      <Filter>Material</Filter>
    </ClInclude>
    <ClInclude Include="ConcisePEShaders.h">
      <Filter>Material\Outdated\Shaders</Filter>
    </ClInclude>
    <ClInclude Include="EnvironmentShaders.h">
      <Filter>Material\Outdated\Shaders</Filter>
    </ClInclude>
    <ClInclude Include="HDRShaders.h">
      <Filter>Material\Outdated\Shaders</Filter>
    </ClInclude>
    <ClInclude Include="ModelShaders.h">
      <Filter>Material\Outdated\Shaders</Filter>
    </ClInclude>
    <ClInclude Include="ModelSkeleton.h">
      <Filter>Material\Outdated\Shaders</Filter>
    </ClInclude>
    <ClInclude Include="ParticleShaders.h">
      <Filter>Material\Outdated\Shaders</Filter>
    </ClInclude>
    <ClInclude Include="PlantShaders.h">
      <Filter>Material\Outdated\Shaders</Filter>
    </ClInclude>
    <ClInclude Include="PrePixelLightShaders.h">
      <Filter>Material\Outdated\Shaders</Filter>
    </ClInclude>
    <ClInclude Include="Shaders2D.h">
      <Filter>Material\Outdated\Shaders</Filter>
    </ClInclude>
    <ClInclude Include="ShadowShader.h">
      <Filter>Material\Outdated\Shaders</Filter>
    </ClInclude>
    <ClInclude Include="TerrainShaders.h">
      <Filter>Material\Outdated\Shaders</Filter>
    </ClInclude>
    <ClInclude Include="UtilityShaders.h">
      <Filter>Material\Outdated\Shaders</Filter>
    </ClInclude>
    <ClInclude Include="VolumeLightShaders.h">
      <Filter>Material\Outdated\Shaders</Filter>
    </ClInclude>
    <ClInclude Include="WaterShaders.h">
      <Filter>Material\Outdated\Shaders</Filter>
    </ClInclude>
    <ClInclude Include="UI.h">
      <Filter>UI</Filter>
    </ClInclude>
    <ClInclude Include="UIAnimation.h">
      <Filter>UI</Filter>
    </ClInclude>
    <ClInclude Include="UIManager.h">
      <Filter>UI</Filter>
    </ClInclude>
    <ClInclude Include="LocatableObject.h">
      <Filter>Model</Filter>
    </ClInclude>
    <ClInclude Include="Model.h">
      <Filter>Model</Filter>
    </ClInclude>
    <ClInclude Include="ModelData.h">
      <Filter>Model</Filter>
    </ClInclude>
    <ClInclude Include="Emitter.h">
      <Filter>Particle</Filter>
    </ClInclude>
    <ClInclude Include="Particle.h">
      <Filter>Particle</Filter>
    </ClInclude>
    <ClInclude Include="BloomPS.h">
      <Filter>PostEffect</Filter>
    </ClInclude>
    <ClInclude Include="DOFPostEffect.h">
      <Filter>PostEffect</Filter>
    </ClInclude>
    <ClInclude Include="FXAAPostEffect.h">
      <Filter>PostEffect</Filter>
    </ClInclude>
    <ClInclude Include="HDRPostEffect.h">
      <Filter>PostEffect</Filter>
    </ClInclude>
    <ClInclude Include="IPostEffect.h">
      <Filter>PostEffect</Filter>
    </ClInclude>
    <ClInclude Include="SSAOPostEffect.h">
      <Filter>PostEffect</Filter>
    </ClInclude>
    <ClInclude Include="VolumeLightPS.h">
      <Filter>PostEffect</Filter>
    </ClInclude>
    <ClInclude Include="CopyCurrentScreen.h">
      <Filter>Pipeline</Filter>
    </ClInclude>
    <ClInclude Include="Pipeline.h">
      <Filter>Pipeline</Filter>
    </ClInclude>
    <ClInclude Include="AxisNode.h">
      <Filter>Scene\SecenNode</Filter>
    </ClInclude>
    <ClInclude Include="Billboard.h">
      <Filter>Scene\SecenNode</Filter>
    </ClInclude>
    <ClInclude Include="CubeNode.h">
      <Filter>Scene\SecenNode</Filter>
    </ClInclude>
    <ClInclude Include="GridNode.h">
      <Filter>Scene\SecenNode</Filter>
    </ClInclude>
    <ClInclude Include="RotatingRing.h">
      <Filter>Scene\SecenNode</Filter>
    </ClInclude>
    <ClInclude Include="Shapes.h">
      <Filter>Scene\SecenNode</Filter>
    </ClInclude>
    <ClInclude Include="SkyBox.h">
      <Filter>Scene\SecenNode</Filter>
    </ClInclude>
    <ClInclude Include="SceneDataIndex.h">
      <Filter>Scene\SceneEntity\Base</Filter>
    </ClInclude>
    <ClInclude Include="SecenProperty.h">
      <Filter>Scene\SceneEntity\Base</Filter>
    </ClInclude>
    <ClInclude Include="TerrainChunk.h">
      <Filter>Scene\SceneEntity\Terrain</Filter>
    </ClInclude>
    <ClInclude Include="TerrainManager.h">
      <Filter>Scene\SceneEntity\Terrain</Filter>
    </ClInclude>
    <ClInclude Include="TerrainTile.h">
      <Filter>Scene\SceneEntity\Terrain</Filter>
    </ClInclude>
    <ClInclude Include="SceneMain.h">
      <Filter>Scene\SceneEntity\Main</Filter>
    </ClInclude>
    <ClInclude Include="NormalGenerate.h">
      <Filter>Scene\SceneEntity\Water</Filter>
    </ClInclude>
    <ClInclude Include="parameterhandler.h">
      <Filter>Scene\SceneEntity\Water</Filter>
    </ClInclude>
    <ClInclude Include="WaterGrid.h">
      <Filter>Scene\SceneEntity\Water</Filter>
    </ClInclude>
    <ClInclude Include="WaterManager.h">
      <Filter>Scene\SceneEntity\Water</Filter>
    </ClInclude>
    <ClInclude Include="WaterTile.h">
      <Filter>Scene\SceneEntity\Water</Filter>
    </ClInclude>
    <ClInclude Include="complex.h">
      <Filter>Scene\SceneEntity\Water\FFT</Filter>
    </ClInclude>
    <ClInclude Include="fft.h">
      <Filter>Scene\SceneEntity\Water\FFT</Filter>
    </ClInclude>
    <ClInclude Include="Ocean.h">
      <Filter>Scene\SceneEntity\Water\FFT</Filter>
    </ClInclude>
    <ClInclude Include="PlantBaseInfo.h">
      <Filter>Scene\SceneEntity\Plant</Filter>
    </ClInclude>
    <ClInclude Include="PlantChunk.h">
      <Filter>Scene\SceneEntity\Plant</Filter>
    </ClInclude>
    <ClInclude Include="PlantManager.h">
      <Filter>Scene\SceneEntity\Plant</Filter>
    </ClInclude>
    <ClInclude Include="PlantTile.h">
      <Filter>Scene\SceneEntity\Plant</Filter>
    </ClInclude>
    <ClInclude Include="Environment.h">
      <Filter>Scene\Manage</Filter>
    </ClInclude>
    <ClInclude Include="ISceneNode.h">
      <Filter>Scene\Manage</Filter>
    </ClInclude>
    <ClInclude Include="Texture.h">
      <Filter>Texture</Filter>
    </ClInclude>
    <ClInclude Include="TextureData.h">
      <Filter>Texture</Filter>
    </ClInclude>
    <ClInclude Include="triangle.h">
      <Filter>Mesh</Filter>
    </ClInclude>
    <ClInclude Include="Light.h">
      <Filter>Light</Filter>
    </ClInclude>
    <ClInclude Include="RealLights.h">
      <Filter>Light</Filter>
    </ClInclude>
    <ClInclude Include="ShadowCaster.h">
      <Filter>Light\ShadowCaster</Filter>
    </ClInclude>
    <ClInclude Include="FakeLights.h">
      <Filter>Light</Filter>
    </ClInclude>
    <ClInclude Include="LightMaped.h">
      <Filter>Light</Filter>
    </ClInclude>
    <ClInclude Include="IndicesBuffer.h">
      <Filter>Core</Filter>
    </ClInclude>
    <ClInclude Include="VertexBuffer.h">
      <Filter>Core</Filter>
    </ClInclude>
    <ClInclude Include="ObjectDataIndex.h">
      <Filter>Object</Filter>
    </ClInclude>
    <ClInclude Include="ObjectGroup.h">
      <Filter>Object</Filter>
    </ClInclude>
    <ClInclude Include="ObjectRoot.h">
      <Filter>Object</Filter>
    </ClInclude>
    <ClInclude Include="ObjectFactory.h">
      <Filter>Object</Filter>
    </ClInclude>
    <ClInclude Include="ObjectManager.h">
      <Filter>Scene\SceneEntity\Object</Filter>
    </ClInclude>
    <ClInclude Include="ObjectTile.h">
      <Filter>Scene\SceneEntity\Object</Filter>
    </ClInclude>
    <ClInclude Include="Utility.h">
      <Filter>Utility</Filter>
    </ClInclude>
    <ClInclude Include="Line.hpp">
      <Filter>Core</Filter>
    </ClInclude>
    <ClInclude Include="OCTree.h">
      <Filter>Culiing</Filter>
    </ClInclude>
    <ClInclude Include="EventImplement.hpp">
      <Filter>Core</Filter>
    </ClInclude>
    <ClInclude Include="3DMath.h">
      <Filter>Math</Filter>
    </ClInclude>
    <ClInclude Include="BaseMathDeclaration.h">
      <Filter>Math</Filter>
    </ClInclude>
    <ClInclude Include="BaseMathImplement.hpp">
      <Filter>Math</Filter>
    </ClInclude>
    <ClInclude Include="Matrix22.hpp">
      <Filter>Math</Filter>
    </ClInclude>
    <ClInclude Include="Matrix33.hpp">
      <Filter>Math</Filter>
    </ClInclude>
    <ClInclude Include="Matrix44.hpp">
      <Filter>Math</Filter>
    </ClInclude>
    <ClInclude Include="NeonMath.h">
      <Filter>Math</Filter>
    </ClInclude>
    <ClInclude Include="Quaternion.hpp">
      <Filter>Math</Filter>
    </ClInclude>
    <ClInclude Include="vector3.hpp">
      <Filter>Math</Filter>
    </ClInclude>
    <ClInclude Include="vector4.hpp">
      <Filter>Math</Filter>
    </ClInclude>
    <ClInclude Include="vector2.hpp">
      <Filter>Math</Filter>
    </ClInclude>
    <ClInclude Include="MaterialManager.h">
      <Filter>Material</Filter>
    </ClInclude>
    <ClInclude Include="ScriptBase.h">
      <Filter>Script\ScriptBase</Filter>
    </ClInclude>
    <ClInclude Include="ScriptNodeInterface.h">
      <Filter>Script\ScriptBase</Filter>
    </ClInclude>
    <ClInclude Include="MaterialCompiler.h">
      <Filter>Material\Compilers</Filter>
    </ClInclude>
    <ClInclude Include="ShaderLibrary.h">
      <Filter>Material\Compilers</Filter>
    </ClInclude>
    <ClInclude Include="ShaderParameter.h">
      <Filter>Material\Compilers</Filter>
    </ClInclude>
    <ClInclude Include="ShaderSegment.h">
      <Filter>Material\Compilers</Filter>
    </ClInclude>
    <ClInclude Include="ShaderAssembler.h">
      <Filter>Material\Compilers</Filter>
    </ClInclude>
    <ClInclude Include="BaseShader.h">
      <Filter>Material</Filter>
    </ClInclude>
    <ClInclude Include="AssembledMaterialShader.h">
      <Filter>Material\Compilers</Filter>
    </ClInclude>
    <ClInclude Include="EmitterBase.h">
      <Filter>Particle</Filter>
    </ClInclude>
    <ClInclude Include="TextureState.h">
      <Filter>Material\Compilers</Filter>
    </ClInclude>
    <ClInclude Include="ShaderFile.h">
      <Filter>Material\Compilers</Filter>
    </ClInclude>
    <ClInclude Include="GreaterThread.h">
      <Filter>Thread</Filter>
    </ClInclude>
    <ClInclude Include="JobBaseThread.h">
      <Filter>Thread</Filter>
    </ClInclude>
    <ClInclude Include="LessThread.h">
      <Filter>Thread</Filter>
    </ClInclude>
    <ClInclude Include="QueueThread.h">
      <Filter>Thread</Filter>
    </ClInclude>
    <ClInclude Include="ThreadCondition.h">
      <Filter>Thread</Filter>
    </ClInclude>
    <ClInclude Include="Threading.h">
      <Filter>Thread</Filter>
    </ClInclude>
    <ClInclude Include="ThreadMutex.h">
      <Filter>Thread</Filter>
    </ClInclude>
    <ClInclude Include="ThreadRWLock.h">
      <Filter>Thread</Filter>
    </ClInclude>
    <ClInclude Include="SoundManagerAL.h">
      <Filter>Sound\DependentLayer\OpenAL</Filter>
    </ClInclude>
    <ClInclude Include="SoundPlayerAL.h">
      <Filter>Sound\DependentLayer\OpenAL</Filter>
    </ClInclude>
    <ClInclude Include="SoundManagerSL.h">
      <Filter>Sound\DependentLayer\OpenSL</Filter>
    </ClInclude>
    <ClInclude Include="SoundPlayerSL.h">
      <Filter>Sound\DependentLayer\OpenSL</Filter>
    </ClInclude>
    <ClInclude Include="SoundPlayer.h">
      <Filter>Sound\IndependentLayer\SoundPlayer</Filter>
    </ClInclude>
    <ClInclude Include="SoundResource.h">
      <Filter>Sound\SoundResource\Mananger</Filter>
    </ClInclude>
    <ClInclude Include="SoundManager.h">
      <Filter>Sound\IndependentLayer\SoundManager</Filter>
    </ClInclude>
    <ClInclude Include="MPTDecoder.h">
      <Filter>Sound\SoundResource\Resource</Filter>
    </ClInclude>
    <ClInclude Include="OGGDecoder.h">
      <Filter>Sound\SoundResource\Resource</Filter>
    </ClInclude>
    <ClInclude Include="WAVDecoder.h">
      <Filter>Sound\SoundResource\Resource</Filter>
    </ClInclude>
    <ClInclude Include="ActionManager.h">
      <Filter>Action</Filter>
    </ClInclude>
    <ClInclude Include="ShaderManager.h">
      <Filter>Material\Outdated</Filter>
    </ClInclude>
    <ClInclude Include="SceneManager.h">
      <Filter>Scene\Manage</Filter>
    </ClInclude>
    <ClInclude Include="DecoderManager.h">
      <Filter>Sound\SoundResource\Mananger</Filter>
    </ClInclude>
    <ClInclude Include="Decoder.h">
      <Filter>Sound\SoundResource\Resource</Filter>
    </ClInclude>
    <ClInclude Include="BinaryIndex.hpp">
      <Filter>Utility</Filter>
    </ClInclude>
    <ClInclude Include="IJob.h">
      <Filter>Thread</Filter>
    </ClInclude>
    <ClInclude Include="JobManager.h">
      <Filter>Thread</Filter>
    </ClInclude>
    <ClInclude Include="ResourceManager.h">
      <Filter>Resources</Filter>
    </ClInclude>
    <ClInclude Include="ResLoader.h">
      <Filter>Resources</Filter>
    </ClInclude>
    <ClInclude Include="AES.h">
      <Filter>Utility</Filter>
    </ClInclude>
    <ClInclude Include="AndroidIOSystem.h">
      <Filter>File</Filter>
    </ClInclude>
    <ClInclude Include="IOSIOSystem.h">
      <Filter>File</Filter>
    </ClInclude>
    <ClInclude Include="WindowsIOSystem.h">
      <Filter>File</Filter>
    </ClInclude>
    <ClInclude Include="IOSystemBase.h">
      <Filter>File</Filter>
    </ClInclude>
    <ClInclude Include="IOSystem.h">
      <Filter>File</Filter>
    </ClInclude>
    <ClInclude Include="AndroidThreadSafeOprator.h">
      <Filter>Thread\ThreadSafe</Filter>
    </ClInclude>
    <ClInclude Include="IOSThreadSafeOprator.h">
      <Filter>Thread\ThreadSafe</Filter>
    </ClInclude>
    <ClInclude Include="WindowsThreadSafeOprator.h">
      <Filter>Thread\ThreadSafe</Filter>
    </ClInclude>
    <ClInclude Include="ThreadSafeOprator.h">
      <Filter>Thread\ThreadSafe</Filter>
    </ClInclude>
  </ItemGroup>
  <ItemGroup>
    <None Include="Readme.txt" />
  </ItemGroup>
</Project>