
Microsoft Visual Studio Solution File, Format Version 11.00
# Visual Studio 2010
Project("{2150E333-8FDC-42A3-9474-1A3956D46DE8}") = "Engine", "Engine", "{7AA09BCF-D19D-419F-B6F9-7AE0F2D3EDDE}"
	ProjectSection(SolutionItems) = preProject
		..\..\Librarys\Bohge\Bohge\Readme.txt = ..\..\Librarys\Bohge\Bohge\Readme.txt
	EndProjectSection
EndProject
Project("{2150E333-8FDC-42A3-9474-1A3956D46DE8}") = "Sound", "Sound", "{5C6CEF66-A769-4F5E-A1FC-D85849C8CA1A}"
EndProject
Project("{2150E333-8FDC-42A3-9474-1A3956D46DE8}") = "Graphics", "Graphics", "{505D581E-2E54-46CE-9587-399B2E9CCC43}"
EndProject
Project("{2150E333-8FDC-42A3-9474-1A3956D46DE8}") = "Net", "Net", "{72890DB9-209D-4D6C-AF75-BE3D191C00DC}"
EndProject
Project("{2150E333-8FDC-42A3-9474-1A3956D46DE8}") = "IO", "IO", "{A98CE029-D4ED-4975-9C48-7189065A5D3C}"
EndProject
Project("{2150E333-8FDC-42A3-9474-1A3956D46DE8}") = "Bullet", "Bullet", "{B184A2C0-89DA-4D06-816B-0AD66782D03E}"
EndProject
Project("{2150E333-8FDC-42A3-9474-1A3956D46DE8}") = "Main", "Main", "{1726859D-7175-40BF-9731-8A7E30B3DEBA}"
EndProject
Project("{2150E333-8FDC-42A3-9474-1A3956D46DE8}") = "Script", "Script", "{546D80B2-FAD2-435C-81FB-54CDFD609BDC}"
EndProject
Project("{2150E333-8FDC-42A3-9474-1A3956D46DE8}") = "Memorypool", "Memorypool", "{1563C31C-EDB2-4DA5-A5D9-64C6A15A3DAB}"
EndProject
Project("{8BC9CEB8-8B4A-11D0-8D11-00A0C91BC942}") = "App_Win32", "App_Win32\App_Win32.vcxproj", "{343FFCBB-FFB9-43A6-930E-5A8C2B0E70AF}"
	ProjectSection(ProjectDependencies) = postProject
		{55837F03-3A9F-4731-A1B7-33BA9911CD76} = {55837F03-3A9F-4731-A1B7-33BA9911CD76}
		{3A214E06-B95E-4D61-A291-1F8DF2EC10FD} = {3A214E06-B95E-4D61-A291-1F8DF2EC10FD}
		{CEBDE98B-A6AA-46E6-BC79-FAAF823DB9EC} = {CEBDE98B-A6AA-46E6-BC79-FAAF823DB9EC}
		{15CBFEFF-7965-41F5-B4E2-21E8795C9159} = {15CBFEFF-7965-41F5-B4E2-21E8795C9159}
	EndProjectSection
EndProject
Project("{8BC9CEB8-8B4A-11D0-8D11-00A0C91BC942}") = "Game", "..\..\Librarys\Game\Game\Game.vcxproj", "{DA05F152-CB47-4EC9-825B-3C30C144B6D3}"
	ProjectSection(ProjectDependencies) = postProject
		{55837F03-3A9F-4731-A1B7-33BA9911CD76} = {55837F03-3A9F-4731-A1B7-33BA9911CD76}
		{3A214E06-B95E-4D61-A291-1F8DF2EC10FD} = {3A214E06-B95E-4D61-A291-1F8DF2EC10FD}
		{87CCEB82-0B49-47B9-8B5E-781EB03B3C39} = {87CCEB82-0B49-47B9-8B5E-781EB03B3C39}
		{CEBDE98B-A6AA-46E6-BC79-FAAF823DB9EC} = {CEBDE98B-A6AA-46E6-BC79-FAAF823DB9EC}
		{15CBFEFF-7965-41F5-B4E2-21E8795C9159} = {15CBFEFF-7965-41F5-B4E2-21E8795C9159}
	EndProjectSection
EndProject
Project("{8BC9CEB8-8B4A-11D0-8D11-00A0C91BC942}") = "Bohge", "..\..\Librarys\Bohge\Bohge\Bohge.vcxproj", "{27D50088-3C1C-47EB-B9B3-C335F85988B3}"
	ProjectSection(ProjectDependencies) = postProject
		{3A214E06-B95E-4D61-A291-1F8DF2EC10FD} = {3A214E06-B95E-4D61-A291-1F8DF2EC10FD}
		{B84F7231-16CE-41D8-8C08-7B523FF4225B} = {B84F7231-16CE-41D8-8C08-7B523FF4225B}
		{CEBDE98B-A6AA-46E6-BC79-FAAF823DB9EC} = {CEBDE98B-A6AA-46E6-BC79-FAAF823DB9EC}
		{D4D1EC8B-4BCF-4B59-AC11-CE9234127337} = {D4D1EC8B-4BCF-4B59-AC11-CE9234127337}
		{15CBFEFF-7965-41F5-B4E2-21E8795C9159} = {15CBFEFF-7965-41F5-B4E2-21E8795C9159}
	EndProjectSection
EndProject
Project("{8BC9CEB8-8B4A-11D0-8D11-00A0C91BC942}") = "freetype", "..\..\Librarys\Bohge\External\freetype\builds\win32\vc2008\freetype.vcxproj", "{78B079BD-9FC7-4B9E-B4A6-96DA0F00248B}"
EndProject
Project("{8BC9CEB8-8B4A-11D0-8D11-00A0C91BC942}") = "libpng", "..\..\Librarys\Bohge\External\libpng-1.5.10\projects\visualc71\libpng.vcxproj", "{B5B56C2E-434A-48F0-A8A9-DC45E80C4FBB}"
EndProject
Project("{8BC9CEB8-8B4A-11D0-8D11-00A0C91BC942}") = "zlib", "..\..\Librarys\Bohge\External\zlib-1.2.6\zlib.vcxproj", "{DD6A0787-5F98-47B5-AC19-9BEA08B09AF8}"
EndProject
Project("{8BC9CEB8-8B4A-11D0-8D11-00A0C91BC942}") = "BohgeNet", "..\..\Librarys\Bohge\BohgeNet\BohgeNet\BohgeNet.vcxproj", "{9449622C-25EF-48E4-B034-04CE60489D6D}"
EndProject
Project("{8BC9CEB8-8B4A-11D0-8D11-00A0C91BC942}") = "lib_json", "..\..\Librarys\Bohge\External\Json\makefiles\vs71\lib_json.vcxproj", "{B84F7231-16CE-41D8-8C08-7B523FF4225B}"
EndProject
Project("{8BC9CEB8-8B4A-11D0-8D11-00A0C91BC942}") = "BulletCollision", "..\..\Librarys\Bohge\External\bullet\src\BulletCollision\BulletCollision.vcxproj", "{08FA2D4C-A0FB-429C-97C7-9033A5B717D8}"
EndProject
Project("{8BC9CEB8-8B4A-11D0-8D11-00A0C91BC942}") = "BulletDynamics", "..\..\Librarys\Bohge\External\bullet\src\BulletDynamics\BulletDynamics.vcxproj", "{41B77781-3585-4251-A5F6-0B1BF8D77ABB}"
EndProject
Project("{8BC9CEB8-8B4A-11D0-8D11-00A0C91BC942}") = "BulletMultiThreaded", "..\..\Librarys\Bohge\External\bullet\src\BulletMultiThreaded\BulletMultiThreaded.vcxproj", "{6FE1F34C-B1A8-4B14-B170-6AD0D862D201}"
EndProject
Project("{8BC9CEB8-8B4A-11D0-8D11-00A0C91BC942}") = "BulletSoftBody", "..\..\Librarys\Bohge\External\bullet\src\BulletSoftBody\BulletSoftBody.vcxproj", "{F2853757-A5E1-4A45-8FDC-B662A42A2866}"
EndProject
Project("{8BC9CEB8-8B4A-11D0-8D11-00A0C91BC942}") = "ConvexDecomposition", "..\..\Librarys\Bohge\External\bullet\Extras\ConvexDecomposition\ConvexDecomposition.vcxproj", "{6222F3BB-30BA-4734-821D-5E8D36F46F9A}"
EndProject
Project("{8BC9CEB8-8B4A-11D0-8D11-00A0C91BC942}") = "GIMPACTUtils", "..\..\Librarys\Bohge\External\bullet\Extras\GIMPACTUtils\GIMPACTUtils.vcxproj", "{D864020A-609E-45BA-9B31-219E1FC17E81}"
EndProject
Project("{8BC9CEB8-8B4A-11D0-8D11-00A0C91BC942}") = "HACD", "..\..\Librarys\Bohge\External\bullet\Extras\HACD\HACD.vcxproj", "{6911F9AD-3496-423B-B83F-25141AB54B03}"
EndProject
Project("{8BC9CEB8-8B4A-11D0-8D11-00A0C91BC942}") = "LinearMath", "..\..\Librarys\Bohge\External\bullet\src\LinearMath\LinearMath.vcxproj", "{D9CD1651-85BB-4122-9160-05A98A8AF366}"
EndProject
Project("{8BC9CEB8-8B4A-11D0-8D11-00A0C91BC942}") = "Lua", "..\..\Librarys\Bohge\External\lua-5.2.2\Lua\Lua.vcxproj", "{87CCEB82-0B49-47B9-8B5E-781EB03B3C39}"
EndProject
Project("{8BC9CEB8-8B4A-11D0-8D11-00A0C91BC942}") = "libzip", "..\..\Librarys\Bohge\External\libzip-0.11.1\libzip\libzip.vcxproj", "{55837F03-3A9F-4731-A1B7-33BA9911CD76}"
EndProject
Project("{8BC9CEB8-8B4A-11D0-8D11-00A0C91BC942}") = "nedmalloc", "..\..\Librarys\Bohge\External\nedmalloc_v1.06beta2\nedmalloc_dll.vcxproj", "{47044B33-6C5A-40B6-901F-D80CA003CD8C}"
EndProject
Project("{8BC9CEB8-8B4A-11D0-8D11-00A0C91BC942}") = "libogg_static", "..\..\Librarys\Bohge\External\libogg-1.3.0\win32\VS2010\libogg_static.vcxproj", "{15CBFEFF-7965-41F5-B4E2-21E8795C9159}"
EndProject
Project("{8BC9CEB8-8B4A-11D0-8D11-00A0C91BC942}") = "libvorbis_static", "..\..\Librarys\Bohge\External\libvorbis-1.3.3\win32\VS2010\libvorbis\libvorbis_static.vcxproj", "{3A214E06-B95E-4D61-A291-1F8DF2EC10FD}"
EndProject
Project("{8BC9CEB8-8B4A-11D0-8D11-00A0C91BC942}") = "libvorbisfile", "..\..\Librarys\Bohge\External\libvorbis-1.3.3\win32\VS2010\libvorbisfile\libvorbisfile_static.vcxproj", "{CEBDE98B-A6AA-46E6-BC79-FAAF823DB9EC}"
EndProject
Project("{8BC9CEB8-8B4A-11D0-8D11-00A0C91BC942}") = "NeonMath", "..\..\Librarys\Bohge\External\neonmath\NeonMath.vcxproj", "{D4D1EC8B-4BCF-4B59-AC11-CE9234127337}"
EndProject
Project("{2150E333-8FDC-42A3-9474-1A3956D46DE8}") = "Math", "Math", "{E0E07BDE-CFFD-41E7-89B5-BFD49645C699}"
EndProject
Project("{8BC9CEB8-8B4A-11D0-8D11-00A0C91BC942}") = "glsl_optimizer_lib", "..\..\Librarys\Bohge\External\glsl_optimizer\projects\vs2010\glsl_optimizer_lib.vcxproj", "{B475A403-9D9B-410D-8A93-BA49FC4DD811}"
EndProject
Global
	GlobalSection(SolutionConfigurationPlatforms) = preSolution
		Debug_Adreno_App|Win32 = Debug_Adreno_App|Win32
		Debug_OpenGL_App|Win32 = Debug_OpenGL_App|Win32
		Release_Adreno|Win32 = Release_Adreno|Win32
		Release_Opengl|Win32 = Release_Opengl|Win32
	EndGlobalSection
	GlobalSection(ProjectConfigurationPlatforms) = postSolution
		{343FFCBB-FFB9-43A6-930E-5A8C2B0E70AF}.Debug_Adreno_App|Win32.ActiveCfg = Debug_Adreno|Win32
		{343FFCBB-FFB9-43A6-930E-5A8C2B0E70AF}.Debug_Adreno_App|Win32.Build.0 = Debug_Adreno|Win32
		{343FFCBB-FFB9-43A6-930E-5A8C2B0E70AF}.Debug_OpenGL_App|Win32.ActiveCfg = Debug_OpenGL|Win32
		{343FFCBB-FFB9-43A6-930E-5A8C2B0E70AF}.Debug_OpenGL_App|Win32.Build.0 = Debug_OpenGL|Win32
		{343FFCBB-FFB9-43A6-930E-5A8C2B0E70AF}.Release_Adreno|Win32.ActiveCfg = Release_Adreno|Win32
		{343FFCBB-FFB9-43A6-930E-5A8C2B0E70AF}.Release_Adreno|Win32.Build.0 = Release_Adreno|Win32
		{343FFCBB-FFB9-43A6-930E-5A8C2B0E70AF}.Release_Opengl|Win32.ActiveCfg = Release_Opengl|Win32
		{343FFCBB-FFB9-43A6-930E-5A8C2B0E70AF}.Release_Opengl|Win32.Build.0 = Release_Opengl|Win32
		{DA05F152-CB47-4EC9-825B-3C30C144B6D3}.Debug_Adreno_App|Win32.ActiveCfg = Debug|Win32
		{DA05F152-CB47-4EC9-825B-3C30C144B6D3}.Debug_Adreno_App|Win32.Build.0 = Debug|Win32
		{DA05F152-CB47-4EC9-825B-3C30C144B6D3}.Debug_OpenGL_App|Win32.ActiveCfg = Debug|Win32
		{DA05F152-CB47-4EC9-825B-3C30C144B6D3}.Debug_OpenGL_App|Win32.Build.0 = Debug|Win32
		{DA05F152-CB47-4EC9-825B-3C30C144B6D3}.Release_Adreno|Win32.ActiveCfg = Release|Win32
		{DA05F152-CB47-4EC9-825B-3C30C144B6D3}.Release_Adreno|Win32.Build.0 = Release|Win32
		{DA05F152-CB47-4EC9-825B-3C30C144B6D3}.Release_Opengl|Win32.ActiveCfg = Release|Win32
		{DA05F152-CB47-4EC9-825B-3C30C144B6D3}.Release_Opengl|Win32.Build.0 = Release|Win32
		{27D50088-3C1C-47EB-B9B3-C335F85988B3}.Debug_Adreno_App|Win32.ActiveCfg = Debug_Adreno_App|Win32
		{27D50088-3C1C-47EB-B9B3-C335F85988B3}.Debug_Adreno_App|Win32.Build.0 = Debug_Adreno_App|Win32
		{27D50088-3C1C-47EB-B9B3-C335F85988B3}.Debug_OpenGL_App|Win32.ActiveCfg = Debug_OpenGL_App|Win32
		{27D50088-3C1C-47EB-B9B3-C335F85988B3}.Debug_OpenGL_App|Win32.Build.0 = Debug_OpenGL_App|Win32
		{27D50088-3C1C-47EB-B9B3-C335F85988B3}.Release_Adreno|Win32.ActiveCfg = Release_Adreno_App|Win32
		{27D50088-3C1C-47EB-B9B3-C335F85988B3}.Release_Adreno|Win32.Build.0 = Release_Adreno_App|Win32
		{27D50088-3C1C-47EB-B9B3-C335F85988B3}.Release_Opengl|Win32.ActiveCfg = Release_Opengl_App|Win32
		{27D50088-3C1C-47EB-B9B3-C335F85988B3}.Release_Opengl|Win32.Build.0 = Release_Opengl_App|Win32
		{78B079BD-9FC7-4B9E-B4A6-96DA0F00248B}.Debug_Adreno_App|Win32.ActiveCfg = Debug|Win32
		{78B079BD-9FC7-4B9E-B4A6-96DA0F00248B}.Debug_Adreno_App|Win32.Build.0 = Debug|Win32
		{78B079BD-9FC7-4B9E-B4A6-96DA0F00248B}.Debug_OpenGL_App|Win32.ActiveCfg = Debug|Win32
		{78B079BD-9FC7-4B9E-B4A6-96DA0F00248B}.Debug_OpenGL_App|Win32.Build.0 = Debug|Win32
		{78B079BD-9FC7-4B9E-B4A6-96DA0F00248B}.Release_Adreno|Win32.ActiveCfg = Release|Win32
		{78B079BD-9FC7-4B9E-B4A6-96DA0F00248B}.Release_Adreno|Win32.Build.0 = Release|Win32
		{78B079BD-9FC7-4B9E-B4A6-96DA0F00248B}.Release_Opengl|Win32.ActiveCfg = Release|Win32
		{78B079BD-9FC7-4B9E-B4A6-96DA0F00248B}.Release_Opengl|Win32.Build.0 = Release|Win32
		{B5B56C2E-434A-48F0-A8A9-DC45E80C4FBB}.Debug_Adreno_App|Win32.ActiveCfg = LIB Debug|Win32
		{B5B56C2E-434A-48F0-A8A9-DC45E80C4FBB}.Debug_Adreno_App|Win32.Build.0 = LIB Debug|Win32
		{B5B56C2E-434A-48F0-A8A9-DC45E80C4FBB}.Debug_OpenGL_App|Win32.ActiveCfg = LIB Debug|Win32
		{B5B56C2E-434A-48F0-A8A9-DC45E80C4FBB}.Debug_OpenGL_App|Win32.Build.0 = LIB Debug|Win32
		{B5B56C2E-434A-48F0-A8A9-DC45E80C4FBB}.Release_Adreno|Win32.ActiveCfg = LIB Release|Win32
		{B5B56C2E-434A-48F0-A8A9-DC45E80C4FBB}.Release_Adreno|Win32.Build.0 = LIB Release|Win32
		{B5B56C2E-434A-48F0-A8A9-DC45E80C4FBB}.Release_Opengl|Win32.ActiveCfg = LIB Release|Win32
		{B5B56C2E-434A-48F0-A8A9-DC45E80C4FBB}.Release_Opengl|Win32.Build.0 = LIB Release|Win32
		{DD6A0787-5F98-47B5-AC19-9BEA08B09AF8}.Debug_Adreno_App|Win32.ActiveCfg = LIB Debug|Win32
		{DD6A0787-5F98-47B5-AC19-9BEA08B09AF8}.Debug_Adreno_App|Win32.Build.0 = LIB Debug|Win32
		{DD6A0787-5F98-47B5-AC19-9BEA08B09AF8}.Debug_OpenGL_App|Win32.ActiveCfg = LIB Debug|Win32
		{DD6A0787-5F98-47B5-AC19-9BEA08B09AF8}.Debug_OpenGL_App|Win32.Build.0 = LIB Debug|Win32
		{DD6A0787-5F98-47B5-AC19-9BEA08B09AF8}.Release_Adreno|Win32.ActiveCfg = LIB Release|Win32
		{DD6A0787-5F98-47B5-AC19-9BEA08B09AF8}.Release_Adreno|Win32.Build.0 = LIB Release|Win32
		{DD6A0787-5F98-47B5-AC19-9BEA08B09AF8}.Release_Opengl|Win32.ActiveCfg = LIB Release|Win32
		{DD6A0787-5F98-47B5-AC19-9BEA08B09AF8}.Release_Opengl|Win32.Build.0 = LIB Release|Win32
		{9449622C-25EF-48E4-B034-04CE60489D6D}.Debug_Adreno_App|Win32.ActiveCfg = Debug|Win32
		{9449622C-25EF-48E4-B034-04CE60489D6D}.Debug_Adreno_App|Win32.Build.0 = Debug|Win32
		{9449622C-25EF-48E4-B034-04CE60489D6D}.Debug_OpenGL_App|Win32.ActiveCfg = Debug|Win32
		{9449622C-25EF-48E4-B034-04CE60489D6D}.Debug_OpenGL_App|Win32.Build.0 = Debug|Win32
		{9449622C-25EF-48E4-B034-04CE60489D6D}.Release_Adreno|Win32.ActiveCfg = Release|Win32
		{9449622C-25EF-48E4-B034-04CE60489D6D}.Release_Adreno|Win32.Build.0 = Release|Win32
		{9449622C-25EF-48E4-B034-04CE60489D6D}.Release_Opengl|Win32.ActiveCfg = Release|Win32
		{9449622C-25EF-48E4-B034-04CE60489D6D}.Release_Opengl|Win32.Build.0 = Release|Win32
		{B84F7231-16CE-41D8-8C08-7B523FF4225B}.Debug_Adreno_App|Win32.ActiveCfg = Debug|Win32
		{B84F7231-16CE-41D8-8C08-7B523FF4225B}.Debug_Adreno_App|Win32.Build.0 = Debug|Win32
		{B84F7231-16CE-41D8-8C08-7B523FF4225B}.Debug_OpenGL_App|Win32.ActiveCfg = Debug|Win32
		{B84F7231-16CE-41D8-8C08-7B523FF4225B}.Debug_OpenGL_App|Win32.Build.0 = Debug|Win32
		{B84F7231-16CE-41D8-8C08-7B523FF4225B}.Release_Adreno|Win32.ActiveCfg = Release|Win32
		{B84F7231-16CE-41D8-8C08-7B523FF4225B}.Release_Adreno|Win32.Build.0 = Release|Win32
		{B84F7231-16CE-41D8-8C08-7B523FF4225B}.Release_Opengl|Win32.ActiveCfg = Release|Win32
		{B84F7231-16CE-41D8-8C08-7B523FF4225B}.Release_Opengl|Win32.Build.0 = Release|Win32
		{08FA2D4C-A0FB-429C-97C7-9033A5B717D8}.Debug_Adreno_App|Win32.ActiveCfg = Debug|Win32
		{08FA2D4C-A0FB-429C-97C7-9033A5B717D8}.Debug_Adreno_App|Win32.Build.0 = Debug|Win32
		{08FA2D4C-A0FB-429C-97C7-9033A5B717D8}.Debug_OpenGL_App|Win32.ActiveCfg = Debug|Win32
		{08FA2D4C-A0FB-429C-97C7-9033A5B717D8}.Debug_OpenGL_App|Win32.Build.0 = Debug|Win32
		{08FA2D4C-A0FB-429C-97C7-9033A5B717D8}.Release_Adreno|Win32.ActiveCfg = Release|Win32
		{08FA2D4C-A0FB-429C-97C7-9033A5B717D8}.Release_Adreno|Win32.Build.0 = Release|Win32
		{08FA2D4C-A0FB-429C-97C7-9033A5B717D8}.Release_Opengl|Win32.ActiveCfg = Release|Win32
		{08FA2D4C-A0FB-429C-97C7-9033A5B717D8}.Release_Opengl|Win32.Build.0 = Release|Win32
		{41B77781-3585-4251-A5F6-0B1BF8D77ABB}.Debug_Adreno_App|Win32.ActiveCfg = Debug|Win32
		{41B77781-3585-4251-A5F6-0B1BF8D77ABB}.Debug_Adreno_App|Win32.Build.0 = Debug|Win32
		{41B77781-3585-4251-A5F6-0B1BF8D77ABB}.Debug_OpenGL_App|Win32.ActiveCfg = Debug|Win32
		{41B77781-3585-4251-A5F6-0B1BF8D77ABB}.Debug_OpenGL_App|Win32.Build.0 = Debug|Win32
		{41B77781-3585-4251-A5F6-0B1BF8D77ABB}.Release_Adreno|Win32.ActiveCfg = Release|Win32
		{41B77781-3585-4251-A5F6-0B1BF8D77ABB}.Release_Adreno|Win32.Build.0 = Release|Win32
		{41B77781-3585-4251-A5F6-0B1BF8D77ABB}.Release_Opengl|Win32.ActiveCfg = Release|Win32
		{41B77781-3585-4251-A5F6-0B1BF8D77ABB}.Release_Opengl|Win32.Build.0 = Release|Win32
		{6FE1F34C-B1A8-4B14-B170-6AD0D862D201}.Debug_Adreno_App|Win32.ActiveCfg = Debug|Win32
		{6FE1F34C-B1A8-4B14-B170-6AD0D862D201}.Debug_Adreno_App|Win32.Build.0 = Debug|Win32
		{6FE1F34C-B1A8-4B14-B170-6AD0D862D201}.Debug_OpenGL_App|Win32.ActiveCfg = Debug|Win32
		{6FE1F34C-B1A8-4B14-B170-6AD0D862D201}.Debug_OpenGL_App|Win32.Build.0 = Debug|Win32
		{6FE1F34C-B1A8-4B14-B170-6AD0D862D201}.Release_Adreno|Win32.ActiveCfg = Release|Win32
		{6FE1F34C-B1A8-4B14-B170-6AD0D862D201}.Release_Adreno|Win32.Build.0 = Release|Win32
		{6FE1F34C-B1A8-4B14-B170-6AD0D862D201}.Release_Opengl|Win32.ActiveCfg = Release|Win32
		{6FE1F34C-B1A8-4B14-B170-6AD0D862D201}.Release_Opengl|Win32.Build.0 = Release|Win32
		{F2853757-A5E1-4A45-8FDC-B662A42A2866}.Debug_Adreno_App|Win32.ActiveCfg = Debug|Win32
		{F2853757-A5E1-4A45-8FDC-B662A42A2866}.Debug_Adreno_App|Win32.Build.0 = Debug|Win32
		{F2853757-A5E1-4A45-8FDC-B662A42A2866}.Debug_OpenGL_App|Win32.ActiveCfg = Debug|Win32
		{F2853757-A5E1-4A45-8FDC-B662A42A2866}.Debug_OpenGL_App|Win32.Build.0 = Debug|Win32
		{F2853757-A5E1-4A45-8FDC-B662A42A2866}.Release_Adreno|Win32.ActiveCfg = Release|Win32
		{F2853757-A5E1-4A45-8FDC-B662A42A2866}.Release_Adreno|Win32.Build.0 = Release|Win32
		{F2853757-A5E1-4A45-8FDC-B662A42A2866}.Release_Opengl|Win32.ActiveCfg = Release|Win32
		{F2853757-A5E1-4A45-8FDC-B662A42A2866}.Release_Opengl|Win32.Build.0 = Release|Win32
		{6222F3BB-30BA-4734-821D-5E8D36F46F9A}.Debug_Adreno_App|Win32.ActiveCfg = Debug|Win32
		{6222F3BB-30BA-4734-821D-5E8D36F46F9A}.Debug_Adreno_App|Win32.Build.0 = Debug|Win32
		{6222F3BB-30BA-4734-821D-5E8D36F46F9A}.Debug_OpenGL_App|Win32.ActiveCfg = Debug|Win32
		{6222F3BB-30BA-4734-821D-5E8D36F46F9A}.Debug_OpenGL_App|Win32.Build.0 = Debug|Win32
		{6222F3BB-30BA-4734-821D-5E8D36F46F9A}.Release_Adreno|Win32.ActiveCfg = Release|Win32
		{6222F3BB-30BA-4734-821D-5E8D36F46F9A}.Release_Adreno|Win32.Build.0 = Release|Win32
		{6222F3BB-30BA-4734-821D-5E8D36F46F9A}.Release_Opengl|Win32.ActiveCfg = Release|Win32
		{6222F3BB-30BA-4734-821D-5E8D36F46F9A}.Release_Opengl|Win32.Build.0 = Release|Win32
		{D864020A-609E-45BA-9B31-219E1FC17E81}.Debug_Adreno_App|Win32.ActiveCfg = Debug|Win32
		{D864020A-609E-45BA-9B31-219E1FC17E81}.Debug_Adreno_App|Win32.Build.0 = Debug|Win32
		{D864020A-609E-45BA-9B31-219E1FC17E81}.Debug_OpenGL_App|Win32.ActiveCfg = Debug|Win32
		{D864020A-609E-45BA-9B31-219E1FC17E81}.Debug_OpenGL_App|Win32.Build.0 = Debug|Win32
		{D864020A-609E-45BA-9B31-219E1FC17E81}.Release_Adreno|Win32.ActiveCfg = Release|Win32
		{D864020A-609E-45BA-9B31-219E1FC17E81}.Release_Adreno|Win32.Build.0 = Release|Win32
		{D864020A-609E-45BA-9B31-219E1FC17E81}.Release_Opengl|Win32.ActiveCfg = Release|Win32
		{D864020A-609E-45BA-9B31-219E1FC17E81}.Release_Opengl|Win32.Build.0 = Release|Win32
		{6911F9AD-3496-423B-B83F-25141AB54B03}.Debug_Adreno_App|Win32.ActiveCfg = Debug|Win32
		{6911F9AD-3496-423B-B83F-25141AB54B03}.Debug_Adreno_App|Win32.Build.0 = Debug|Win32
		{6911F9AD-3496-423B-B83F-25141AB54B03}.Debug_OpenGL_App|Win32.ActiveCfg = Debug|Win32
		{6911F9AD-3496-423B-B83F-25141AB54B03}.Debug_OpenGL_App|Win32.Build.0 = Debug|Win32
		{6911F9AD-3496-423B-B83F-25141AB54B03}.Release_Adreno|Win32.ActiveCfg = Release|Win32
		{6911F9AD-3496-423B-B83F-25141AB54B03}.Release_Adreno|Win32.Build.0 = Release|Win32
		{6911F9AD-3496-423B-B83F-25141AB54B03}.Release_Opengl|Win32.ActiveCfg = Release|Win32
		{6911F9AD-3496-423B-B83F-25141AB54B03}.Release_Opengl|Win32.Build.0 = Release|Win32
		{D9CD1651-85BB-4122-9160-05A98A8AF366}.Debug_Adreno_App|Win32.ActiveCfg = Debug|Win32
		{D9CD1651-85BB-4122-9160-05A98A8AF366}.Debug_Adreno_App|Win32.Build.0 = Debug|Win32
		{D9CD1651-85BB-4122-9160-05A98A8AF366}.Debug_OpenGL_App|Win32.ActiveCfg = Debug|Win32
		{D9CD1651-85BB-4122-9160-05A98A8AF366}.Debug_OpenGL_App|Win32.Build.0 = Debug|Win32
		{D9CD1651-85BB-4122-9160-05A98A8AF366}.Release_Adreno|Win32.ActiveCfg = Release|Win32
		{D9CD1651-85BB-4122-9160-05A98A8AF366}.Release_Adreno|Win32.Build.0 = Release|Win32
		{D9CD1651-85BB-4122-9160-05A98A8AF366}.Release_Opengl|Win32.ActiveCfg = Release|Win32
		{D9CD1651-85BB-4122-9160-05A98A8AF366}.Release_Opengl|Win32.Build.0 = Release|Win32
		{87CCEB82-0B49-47B9-8B5E-781EB03B3C39}.Debug_Adreno_App|Win32.ActiveCfg = Debug|Win32
		{87CCEB82-0B49-47B9-8B5E-781EB03B3C39}.Debug_Adreno_App|Win32.Build.0 = Debug|Win32
		{87CCEB82-0B49-47B9-8B5E-781EB03B3C39}.Debug_OpenGL_App|Win32.ActiveCfg = Debug|Win32
		{87CCEB82-0B49-47B9-8B5E-781EB03B3C39}.Debug_OpenGL_App|Win32.Build.0 = Debug|Win32
		{87CCEB82-0B49-47B9-8B5E-781EB03B3C39}.Release_Adreno|Win32.ActiveCfg = Release|Win32
		{87CCEB82-0B49-47B9-8B5E-781EB03B3C39}.Release_Adreno|Win32.Build.0 = Release|Win32
		{87CCEB82-0B49-47B9-8B5E-781EB03B3C39}.Release_Opengl|Win32.ActiveCfg = Release|Win32
		{87CCEB82-0B49-47B9-8B5E-781EB03B3C39}.Release_Opengl|Win32.Build.0 = Release|Win32
		{55837F03-3A9F-4731-A1B7-33BA9911CD76}.Debug_Adreno_App|Win32.ActiveCfg = Debug|Win32
		{55837F03-3A9F-4731-A1B7-33BA9911CD76}.Debug_Adreno_App|Win32.Build.0 = Debug|Win32
		{55837F03-3A9F-4731-A1B7-33BA9911CD76}.Debug_OpenGL_App|Win32.ActiveCfg = Debug|Win32
		{55837F03-3A9F-4731-A1B7-33BA9911CD76}.Debug_OpenGL_App|Win32.Build.0 = Debug|Win32
		{55837F03-3A9F-4731-A1B7-33BA9911CD76}.Release_Adreno|Win32.ActiveCfg = Release|Win32
		{55837F03-3A9F-4731-A1B7-33BA9911CD76}.Release_Adreno|Win32.Build.0 = Release|Win32
		{55837F03-3A9F-4731-A1B7-33BA9911CD76}.Release_Opengl|Win32.ActiveCfg = Release|Win32
		{55837F03-3A9F-4731-A1B7-33BA9911CD76}.Release_Opengl|Win32.Build.0 = Release|Win32
		{47044B33-6C5A-40B6-901F-D80CA003CD8C}.Debug_Adreno_App|Win32.ActiveCfg = Debug|Win32
		{47044B33-6C5A-40B6-901F-D80CA003CD8C}.Debug_Adreno_App|Win32.Build.0 = Debug|Win32
		{47044B33-6C5A-40B6-901F-D80CA003CD8C}.Debug_OpenGL_App|Win32.ActiveCfg = Debug|Win32
		{47044B33-6C5A-40B6-901F-D80CA003CD8C}.Debug_OpenGL_App|Win32.Build.0 = Debug|Win32
		{47044B33-6C5A-40B6-901F-D80CA003CD8C}.Release_Adreno|Win32.ActiveCfg = Release|Win32
		{47044B33-6C5A-40B6-901F-D80CA003CD8C}.Release_Adreno|Win32.Build.0 = Release|Win32
		{47044B33-6C5A-40B6-901F-D80CA003CD8C}.Release_Opengl|Win32.ActiveCfg = Release|Win32
		{47044B33-6C5A-40B6-901F-D80CA003CD8C}.Release_Opengl|Win32.Build.0 = Release|Win32
		{15CBFEFF-7965-41F5-B4E2-21E8795C9159}.Debug_Adreno_App|Win32.ActiveCfg = Debug|Win32
		{15CBFEFF-7965-41F5-B4E2-21E8795C9159}.Debug_Adreno_App|Win32.Build.0 = Debug|Win32
		{15CBFEFF-7965-41F5-B4E2-21E8795C9159}.Debug_OpenGL_App|Win32.ActiveCfg = Debug|Win32
		{15CBFEFF-7965-41F5-B4E2-21E8795C9159}.Debug_OpenGL_App|Win32.Build.0 = Debug|Win32
		{15CBFEFF-7965-41F5-B4E2-21E8795C9159}.Release_Adreno|Win32.ActiveCfg = Release|Win32
		{15CBFEFF-7965-41F5-B4E2-21E8795C9159}.Release_Adreno|Win32.Build.0 = Release|Win32
		{15CBFEFF-7965-41F5-B4E2-21E8795C9159}.Release_Opengl|Win32.ActiveCfg = Release|Win32
		{15CBFEFF-7965-41F5-B4E2-21E8795C9159}.Release_Opengl|Win32.Build.0 = Release|Win32
		{3A214E06-B95E-4D61-A291-1F8DF2EC10FD}.Debug_Adreno_App|Win32.ActiveCfg = Debug|Win32
		{3A214E06-B95E-4D61-A291-1F8DF2EC10FD}.Debug_Adreno_App|Win32.Build.0 = Debug|Win32
		{3A214E06-B95E-4D61-A291-1F8DF2EC10FD}.Debug_OpenGL_App|Win32.ActiveCfg = Debug|Win32
		{3A214E06-B95E-4D61-A291-1F8DF2EC10FD}.Debug_OpenGL_App|Win32.Build.0 = Debug|Win32
		{3A214E06-B95E-4D61-A291-1F8DF2EC10FD}.Release_Adreno|Win32.ActiveCfg = Release|Win32
		{3A214E06-B95E-4D61-A291-1F8DF2EC10FD}.Release_Adreno|Win32.Build.0 = Release|Win32
		{3A214E06-B95E-4D61-A291-1F8DF2EC10FD}.Release_Opengl|Win32.ActiveCfg = Release|Win32
		{3A214E06-B95E-4D61-A291-1F8DF2EC10FD}.Release_Opengl|Win32.Build.0 = Release|Win32
		{CEBDE98B-A6AA-46E6-BC79-FAAF823DB9EC}.Debug_Adreno_App|Win32.ActiveCfg = Debug|Win32
		{CEBDE98B-A6AA-46E6-BC79-FAAF823DB9EC}.Debug_Adreno_App|Win32.Build.0 = Debug|Win32
		{CEBDE98B-A6AA-46E6-BC79-FAAF823DB9EC}.Debug_OpenGL_App|Win32.ActiveCfg = Debug|Win32
		{CEBDE98B-A6AA-46E6-BC79-FAAF823DB9EC}.Debug_OpenGL_App|Win32.Build.0 = Debug|Win32
		{CEBDE98B-A6AA-46E6-BC79-FAAF823DB9EC}.Release_Adreno|Win32.ActiveCfg = Release|Win32
		{CEBDE98B-A6AA-46E6-BC79-FAAF823DB9EC}.Release_Adreno|Win32.Build.0 = Release|Win32
		{CEBDE98B-A6AA-46E6-BC79-FAAF823DB9EC}.Release_Opengl|Win32.ActiveCfg = Release|Win32
		{CEBDE98B-A6AA-46E6-BC79-FAAF823DB9EC}.Release_Opengl|Win32.Build.0 = Release|Win32
		{D4D1EC8B-4BCF-4B59-AC11-CE9234127337}.Debug_Adreno_App|Win32.ActiveCfg = Debug|Win32
		{D4D1EC8B-4BCF-4B59-AC11-CE9234127337}.Debug_Adreno_App|Win32.Build.0 = Debug|Win32
		{D4D1EC8B-4BCF-4B59-AC11-CE9234127337}.Debug_OpenGL_App|Win32.ActiveCfg = Debug|Win32
		{D4D1EC8B-4BCF-4B59-AC11-CE9234127337}.Debug_OpenGL_App|Win32.Build.0 = Debug|Win32
		{D4D1EC8B-4BCF-4B59-AC11-CE9234127337}.Release_Adreno|Win32.ActiveCfg = Release|Win32
		{D4D1EC8B-4BCF-4B59-AC11-CE9234127337}.Release_Adreno|Win32.Build.0 = Release|Win32
		{D4D1EC8B-4BCF-4B59-AC11-CE9234127337}.Release_Opengl|Win32.ActiveCfg = Release|Win32
		{D4D1EC8B-4BCF-4B59-AC11-CE9234127337}.Release_Opengl|Win32.Build.0 = Release|Win32
		{B475A403-9D9B-410D-8A93-BA49FC4DD811}.Debug_Adreno_App|Win32.ActiveCfg = Debug|Win32
		{B475A403-9D9B-410D-8A93-BA49FC4DD811}.Debug_Adreno_App|Win32.Build.0 = Debug|Win32
		{B475A403-9D9B-410D-8A93-BA49FC4DD811}.Debug_OpenGL_App|Win32.ActiveCfg = Debug|Win32
		{B475A403-9D9B-410D-8A93-BA49FC4DD811}.Debug_OpenGL_App|Win32.Build.0 = Debug|Win32
		{B475A403-9D9B-410D-8A93-BA49FC4DD811}.Release_Adreno|Win32.ActiveCfg = Release|Win32
		{B475A403-9D9B-410D-8A93-BA49FC4DD811}.Release_Adreno|Win32.Build.0 = Release|Win32
		{B475A403-9D9B-410D-8A93-BA49FC4DD811}.Release_Opengl|Win32.ActiveCfg = Release|Win32
		{B475A403-9D9B-410D-8A93-BA49FC4DD811}.Release_Opengl|Win32.Build.0 = Release|Win32
	EndGlobalSection
	GlobalSection(SolutionProperties) = preSolution
		HideSolutionNode = FALSE
	EndGlobalSection
	GlobalSection(NestedProjects) = preSolution
		{5C6CEF66-A769-4F5E-A1FC-D85849C8CA1A} = {7AA09BCF-D19D-419F-B6F9-7AE0F2D3EDDE}
		{505D581E-2E54-46CE-9587-399B2E9CCC43} = {7AA09BCF-D19D-419F-B6F9-7AE0F2D3EDDE}
		{72890DB9-209D-4D6C-AF75-BE3D191C00DC} = {7AA09BCF-D19D-419F-B6F9-7AE0F2D3EDDE}
		{A98CE029-D4ED-4975-9C48-7189065A5D3C} = {7AA09BCF-D19D-419F-B6F9-7AE0F2D3EDDE}
		{B184A2C0-89DA-4D06-816B-0AD66782D03E} = {7AA09BCF-D19D-419F-B6F9-7AE0F2D3EDDE}
		{1726859D-7175-40BF-9731-8A7E30B3DEBA} = {7AA09BCF-D19D-419F-B6F9-7AE0F2D3EDDE}
		{546D80B2-FAD2-435C-81FB-54CDFD609BDC} = {7AA09BCF-D19D-419F-B6F9-7AE0F2D3EDDE}
		{1563C31C-EDB2-4DA5-A5D9-64C6A15A3DAB} = {7AA09BCF-D19D-419F-B6F9-7AE0F2D3EDDE}
		{E0E07BDE-CFFD-41E7-89B5-BFD49645C699} = {7AA09BCF-D19D-419F-B6F9-7AE0F2D3EDDE}
		{15CBFEFF-7965-41F5-B4E2-21E8795C9159} = {5C6CEF66-A769-4F5E-A1FC-D85849C8CA1A}
		{3A214E06-B95E-4D61-A291-1F8DF2EC10FD} = {5C6CEF66-A769-4F5E-A1FC-D85849C8CA1A}
		{CEBDE98B-A6AA-46E6-BC79-FAAF823DB9EC} = {5C6CEF66-A769-4F5E-A1FC-D85849C8CA1A}
		{78B079BD-9FC7-4B9E-B4A6-96DA0F00248B} = {505D581E-2E54-46CE-9587-399B2E9CCC43}
		{B5B56C2E-434A-48F0-A8A9-DC45E80C4FBB} = {505D581E-2E54-46CE-9587-399B2E9CCC43}
		{B475A403-9D9B-410D-8A93-BA49FC4DD811} = {505D581E-2E54-46CE-9587-399B2E9CCC43}
		{9449622C-25EF-48E4-B034-04CE60489D6D} = {72890DB9-209D-4D6C-AF75-BE3D191C00DC}
		{B84F7231-16CE-41D8-8C08-7B523FF4225B} = {72890DB9-209D-4D6C-AF75-BE3D191C00DC}
		{DD6A0787-5F98-47B5-AC19-9BEA08B09AF8} = {A98CE029-D4ED-4975-9C48-7189065A5D3C}
		{55837F03-3A9F-4731-A1B7-33BA9911CD76} = {A98CE029-D4ED-4975-9C48-7189065A5D3C}
		{08FA2D4C-A0FB-429C-97C7-9033A5B717D8} = {B184A2C0-89DA-4D06-816B-0AD66782D03E}
		{41B77781-3585-4251-A5F6-0B1BF8D77ABB} = {B184A2C0-89DA-4D06-816B-0AD66782D03E}
		{6FE1F34C-B1A8-4B14-B170-6AD0D862D201} = {B184A2C0-89DA-4D06-816B-0AD66782D03E}
		{F2853757-A5E1-4A45-8FDC-B662A42A2866} = {B184A2C0-89DA-4D06-816B-0AD66782D03E}
		{6222F3BB-30BA-4734-821D-5E8D36F46F9A} = {B184A2C0-89DA-4D06-816B-0AD66782D03E}
		{D864020A-609E-45BA-9B31-219E1FC17E81} = {B184A2C0-89DA-4D06-816B-0AD66782D03E}
		{6911F9AD-3496-423B-B83F-25141AB54B03} = {B184A2C0-89DA-4D06-816B-0AD66782D03E}
		{D9CD1651-85BB-4122-9160-05A98A8AF366} = {B184A2C0-89DA-4D06-816B-0AD66782D03E}
		{27D50088-3C1C-47EB-B9B3-C335F85988B3} = {1726859D-7175-40BF-9731-8A7E30B3DEBA}
		{87CCEB82-0B49-47B9-8B5E-781EB03B3C39} = {546D80B2-FAD2-435C-81FB-54CDFD609BDC}
		{47044B33-6C5A-40B6-901F-D80CA003CD8C} = {1563C31C-EDB2-4DA5-A5D9-64C6A15A3DAB}
		{D4D1EC8B-4BCF-4B59-AC11-CE9234127337} = {E0E07BDE-CFFD-41E7-89B5-BFD49645C699}
	EndGlobalSection
EndGlobal
