
Microsoft Visual Studio Solution File, Format Version 10.00
# Visual Studio 2008
Project("{8BC9CEB8-8B4A-11D0-8D11-00A0C91BC942}") = "BattleServer", "BattleServer\BattleServer.vcproj", "{62A41F92-4B2A-417B-BD42-FBF1D84798EA}"
	ProjectSection(ProjectDependencies) = postProject
		{9449622C-25EF-48E4-B034-04CE60489D6D} = {9449622C-25EF-48E4-B034-04CE60489D6D}
		{B84F7231-16CE-41D8-8C08-7B523FF4225B} = {B84F7231-16CE-41D8-8C08-7B523FF4225B}
		{9711233F-6C85-43DB-94B9-582046E1D58A} = {9711233F-6C85-43DB-94B9-582046E1D58A}
		{A2FBC79F-7513-47DB-A2C8-4718B5D404F1} = {A2FBC79F-7513-47DB-A2C8-4718B5D404F1}
	EndProjectSection
EndProject
Project("{8BC9CEB8-8B4A-11D0-8D11-00A0C91BC942}") = "BohgeNet", "..\..\Librarys\Bohge\BohgeNet\BohgeNet\BohgeNet.vcproj", "{9449622C-25EF-48E4-B034-04CE60489D6D}"
EndProject
Project("{8BC9CEB8-8B4A-11D0-8D11-00A0C91BC942}") = "GameServer", "..\..\Librarys\GameServer\GameServer\GameServer.vcproj", "{A2FBC79F-7513-47DB-A2C8-4718B5D404F1}"
	ProjectSection(ProjectDependencies) = postProject
		{9449622C-25EF-48E4-B034-04CE60489D6D} = {9449622C-25EF-48E4-B034-04CE60489D6D}
		{B84F7231-16CE-41D8-8C08-7B523FF4225B} = {B84F7231-16CE-41D8-8C08-7B523FF4225B}
		{9711233F-6C85-43DB-94B9-582046E1D58A} = {9711233F-6C85-43DB-94B9-582046E1D58A}
	EndProjectSection
EndProject
Project("{8BC9CEB8-8B4A-11D0-8D11-00A0C91BC942}") = "lib_json", "..\..\Librarys\Bohge\External\Json\makefiles\vs71\lib_json.vcproj", "{B84F7231-16CE-41D8-8C08-7B523FF4225B}"
EndProject
Project("{8BC9CEB8-8B4A-11D0-8D11-00A0C91BC942}") = "Xml", "..\..\Librarys\Bohge\External\tinyxml_2_6_2\Xml.vcproj", "{9711233F-6C85-43DB-94B9-582046E1D58A}"
EndProject
Global
	GlobalSection(SolutionConfigurationPlatforms) = preSolution
		Debug|Win32 = Debug|Win32
		Debug|x64 = Debug|x64
		Release|Win32 = Release|Win32
		Release|x64 = Release|x64
	EndGlobalSection
	GlobalSection(ProjectConfigurationPlatforms) = postSolution
		{62A41F92-4B2A-417B-BD42-FBF1D84798EA}.Debug|Win32.ActiveCfg = Debug|Win32
		{62A41F92-4B2A-417B-BD42-FBF1D84798EA}.Debug|Win32.Build.0 = Debug|Win32
		{62A41F92-4B2A-417B-BD42-FBF1D84798EA}.Debug|x64.ActiveCfg = Debug|x64
		{62A41F92-4B2A-417B-BD42-FBF1D84798EA}.Debug|x64.Build.0 = Debug|x64
		{62A41F92-4B2A-417B-BD42-FBF1D84798EA}.Release|Win32.ActiveCfg = Release|Win32
		{62A41F92-4B2A-417B-BD42-FBF1D84798EA}.Release|Win32.Build.0 = Release|Win32
		{62A41F92-4B2A-417B-BD42-FBF1D84798EA}.Release|x64.ActiveCfg = Release|x64
		{62A41F92-4B2A-417B-BD42-FBF1D84798EA}.Release|x64.Build.0 = Release|x64
		{9449622C-25EF-48E4-B034-04CE60489D6D}.Debug|Win32.ActiveCfg = Debug|Win32
		{9449622C-25EF-48E4-B034-04CE60489D6D}.Debug|Win32.Build.0 = Debug|Win32
		{9449622C-25EF-48E4-B034-04CE60489D6D}.Debug|x64.ActiveCfg = Debug|x64
		{9449622C-25EF-48E4-B034-04CE60489D6D}.Debug|x64.Build.0 = Debug|x64
		{9449622C-25EF-48E4-B034-04CE60489D6D}.Release|Win32.ActiveCfg = Release|Win32
		{9449622C-25EF-48E4-B034-04CE60489D6D}.Release|Win32.Build.0 = Release|Win32
		{9449622C-25EF-48E4-B034-04CE60489D6D}.Release|x64.ActiveCfg = Release|x64
		{9449622C-25EF-48E4-B034-04CE60489D6D}.Release|x64.Build.0 = Release|x64
		{A2FBC79F-7513-47DB-A2C8-4718B5D404F1}.Debug|Win32.ActiveCfg = Debug|Win32
		{A2FBC79F-7513-47DB-A2C8-4718B5D404F1}.Debug|Win32.Build.0 = Debug|Win32
		{A2FBC79F-7513-47DB-A2C8-4718B5D404F1}.Debug|x64.ActiveCfg = Debug|x64
		{A2FBC79F-7513-47DB-A2C8-4718B5D404F1}.Debug|x64.Build.0 = Debug|x64
		{A2FBC79F-7513-47DB-A2C8-4718B5D404F1}.Release|Win32.ActiveCfg = Release|Win32
		{A2FBC79F-7513-47DB-A2C8-4718B5D404F1}.Release|Win32.Build.0 = Release|Win32
		{A2FBC79F-7513-47DB-A2C8-4718B5D404F1}.Release|x64.ActiveCfg = Release|x64
		{A2FBC79F-7513-47DB-A2C8-4718B5D404F1}.Release|x64.Build.0 = Release|x64
		{B84F7231-16CE-41D8-8C08-7B523FF4225B}.Debug|Win32.ActiveCfg = Debug|Win32
		{B84F7231-16CE-41D8-8C08-7B523FF4225B}.Debug|Win32.Build.0 = Debug|Win32
		{B84F7231-16CE-41D8-8C08-7B523FF4225B}.Debug|x64.ActiveCfg = Debug|x64
		{B84F7231-16CE-41D8-8C08-7B523FF4225B}.Debug|x64.Build.0 = Debug|x64
		{B84F7231-16CE-41D8-8C08-7B523FF4225B}.Release|Win32.ActiveCfg = Release|Win32
		{B84F7231-16CE-41D8-8C08-7B523FF4225B}.Release|Win32.Build.0 = Release|Win32
		{B84F7231-16CE-41D8-8C08-7B523FF4225B}.Release|x64.ActiveCfg = Release|x64
		{B84F7231-16CE-41D8-8C08-7B523FF4225B}.Release|x64.Build.0 = Release|x64
		{9711233F-6C85-43DB-94B9-582046E1D58A}.Debug|Win32.ActiveCfg = Debug|Win32
		{9711233F-6C85-43DB-94B9-582046E1D58A}.Debug|Win32.Build.0 = Debug|Win32
		{9711233F-6C85-43DB-94B9-582046E1D58A}.Debug|x64.ActiveCfg = Debug|x64
		{9711233F-6C85-43DB-94B9-582046E1D58A}.Debug|x64.Build.0 = Debug|x64
		{9711233F-6C85-43DB-94B9-582046E1D58A}.Release|Win32.ActiveCfg = Release|Win32
		{9711233F-6C85-43DB-94B9-582046E1D58A}.Release|Win32.Build.0 = Release|Win32
		{9711233F-6C85-43DB-94B9-582046E1D58A}.Release|x64.ActiveCfg = Release|x64
		{9711233F-6C85-43DB-94B9-582046E1D58A}.Release|x64.Build.0 = Release|x64
	EndGlobalSection
	GlobalSection(SolutionProperties) = preSolution
		HideSolutionNode = FALSE
	EndGlobalSection
EndGlobal
